// !$*UTF8*$!
{
	archiveVersion = 1;
	classes = {
	};
	objectVersion = 46;
	objects = {

/* Begin PBXBuildFile section */
		E50679581A235D6700F39808 /* main.m in Sources */ = {isa = PBXBuildFile; fileRef = E50679571A235D6700F39808 /* main.m */; };
		E506795B1A235D6700F39808 /* CEMAppDelegate.m in Sources */ = {isa = PBXBuildFile; fileRef = E506795A1A235D6700F39808 /* CEMAppDelegate.m */; };
		E506795E1A235D6700F39808 /* elmundo.xcdatamodeld in Sources */ = {isa = PBXBuildFile; fileRef = E506795C1A235D6700F39808 /* elmundo.xcdatamodeld */; };
		E50679661A235D6700F39808 /* Images.xcassets in Resources */ = {isa = PBXBuildFile; fileRef = E50679651A235D6700F39808 /* Images.xcassets */; };
		E50679691A235D6700F39808 /* LaunchScreen.xib in Resources */ = {isa = PBXBuildFile; fileRef = E50679671A235D6700F39808 /* LaunchScreen.xib */; };
		E50679751A235D6700F39808 /* elmundoTests.m in Sources */ = {isa = PBXBuildFile; fileRef = E50679741A235D6700F39808 /* elmundoTests.m */; };
		E506798C1A2363B600F39808 /* CEMNewsViewController.m in Sources */ = {isa = PBXBuildFile; fileRef = E506798A1A2363B600F39808 /* CEMNewsViewController.m */; };
		E506798D1A2363B600F39808 /* CEMNewsViewController.xib in Resources */ = {isa = PBXBuildFile; fileRef = E506798B1A2363B600F39808 /* CEMNewsViewController.xib */; };
		E50679911A23674D00F39808 /* CEMLaunchViewController.m in Sources */ = {isa = PBXBuildFile; fileRef = E506798F1A23674D00F39808 /* CEMLaunchViewController.m */; };
		E50679921A23674D00F39808 /* CEMLaunchViewController.xib in Resources */ = {isa = PBXBuildFile; fileRef = E50679901A23674D00F39808 /* CEMLaunchViewController.xib */; };
		E506799E1A236A8400F39808 /* logoLaunch in Resources */ = {isa = PBXBuildFile; fileRef = E50679981A236A8400F39808 /* logoLaunch */; };
		E506799F1A236A8400F39808 /* logoLaunch@2x in Resources */ = {isa = PBXBuildFile; fileRef = E50679991A236A8400F39808 /* logoLaunch@2x */; };
		E50679A01A236A8400F39808 /* logoLaunch@3x.png in Resources */ = {isa = PBXBuildFile; fileRef = E506799A1A236A8400F39808 /* logoLaunch@3x.png */; };
		E50679A11A236A8400F39808 /* logoNav in Resources */ = {isa = PBXBuildFile; fileRef = E506799B1A236A8400F39808 /* logoNav */; };
		E50679A21A236A8400F39808 /* logoNav@2x in Resources */ = {isa = PBXBuildFile; fileRef = E506799C1A236A8400F39808 /* logoNav@2x */; };
		E50679A31A236A8400F39808 /* logoNav@3x in Resources */ = {isa = PBXBuildFile; fileRef = E506799D1A236A8400F39808 /* logoNav@3x */; };
		E50679A71A239E3D00F39808 /* CEMArticle.m in Sources */ = {isa = PBXBuildFile; fileRef = E50679A61A239E3D00F39808 /* CEMArticle.m */; };
		E50FD7731A24A7F90026EC43 /* CEMAd.m in Sources */ = {isa = PBXBuildFile; fileRef = E50FD7721A24A7F90026EC43 /* CEMAd.m */; };
		E50FD7771A24B20C0026EC43 /* CEMNewsCollectionViewController.m in Sources */ = {isa = PBXBuildFile; fileRef = E50FD7751A24B20C0026EC43 /* CEMNewsCollectionViewController.m */; };
		E50FD7781A24B20C0026EC43 /* CEMNewsCollectionViewController.xib in Resources */ = {isa = PBXBuildFile; fileRef = E50FD7761A24B20C0026EC43 /* CEMNewsCollectionViewController.xib */; };
		E5B91D621A29DA6B00012E7F /* CQAAlerts.m in Sources */ = {isa = PBXBuildFile; fileRef = E5B91D611A29DA6B00012E7F /* CQAAlerts.m */; };
		E5B91D641A29E2DF00012E7F /* QuartzCore.framework in Frameworks */ = {isa = PBXBuildFile; fileRef = E5B91D631A29E2DF00012E7F /* QuartzCore.framework */; };
		E5B91D6A1A29E30A00012E7F /* GKLCubeViewController.m in Sources */ = {isa = PBXBuildFile; fileRef = E5B91D691A29E30A00012E7F /* GKLCubeViewController.m */; };
		E5B91D6D1A29F36F00012E7F /* CQANotificationManager.m in Sources */ = {isa = PBXBuildFile; fileRef = E5B91D6B1A29F36F00012E7F /* CQANotificationManager.m */; };
		E5B91D701A29F70200012E7F /* CoreLocation.framework in Frameworks */ = {isa = PBXBuildFile; fileRef = E5B91D6F1A29F70200012E7F /* CoreLocation.framework */; };
		E5B91D721A29FAA200012E7F /* MobileCoreServices.framework in Frameworks */ = {isa = PBXBuildFile; fileRef = E5B91D711A29FAA200012E7F /* MobileCoreServices.framework */; };
		E5CB39981A28E2B200DD0D7A /* MuseoSans_500.otf in Resources */ = {isa = PBXBuildFile; fileRef = E5CB39921A28E2B200DD0D7A /* MuseoSans_500.otf */; };
		E5CB39991A28E2B200DD0D7A /* MuseoSans_700.otf in Resources */ = {isa = PBXBuildFile; fileRef = E5CB39931A28E2B200DD0D7A /* MuseoSans_700.otf */; };
		E5CB399A1A28E2B200DD0D7A /* MuseoSans_900.otf in Resources */ = {isa = PBXBuildFile; fileRef = E5CB39941A28E2B200DD0D7A /* MuseoSans_900.otf */; };
		E5CB399B1A28E2B200DD0D7A /* El_Mundoapp_palette.jpg in Resources */ = {isa = PBXBuildFile; fileRef = E5CB39961A28E2B200DD0D7A /* El_Mundoapp_palette.jpg */; };
		E5CB399D1A28E75600DD0D7A /* MuseoSans_300.otf in Resources */ = {isa = PBXBuildFile; fileRef = E5CB399C1A28E75600DD0D7A /* MuseoSans_300.otf */; };
		E5CB39A01A28EE8600DD0D7A /* CQAAppSettingsDefinitions.m in Sources */ = {isa = PBXBuildFile; fileRef = E5CB399F1A28EE8600DD0D7A /* CQAAppSettingsDefinitions.m */; };
		E5CB39A41A28EFC200DD0D7A /* CQAAppSettings.m in Sources */ = {isa = PBXBuildFile; fileRef = E5CB39A31A28EFC200DD0D7A /* CQAAppSettings.m */; };
		E5CB39A61A28FFDF00DD0D7A /* logoSplash.png in Resources */ = {isa = PBXBuildFile; fileRef = E5CB39A51A28FFDF00DD0D7A /* logoSplash.png */; };
		E5CB39A81A29022500DD0D7A /* boxTitle-small in Resources */ = {isa = PBXBuildFile; fileRef = E5CB39A71A29022500DD0D7A /* boxTitle-small */; };
		E5CB39AE1A2904AE00DD0D7A /* addButton.png in Resources */ = {isa = PBXBuildFile; fileRef = E5CB39A91A2904AE00DD0D7A /* addButton.png */; };
		E5CB39AF1A2904AE00DD0D7A /* ic_TabNavMainSearch.png in Resources */ = {isa = PBXBuildFile; fileRef = E5CB39AA1A2904AE00DD0D7A /* ic_TabNavMainSearch.png */; };
		E5CB39B01A2904AE00DD0D7A /* ic_TabNavMainSearch@2x.png in Resources */ = {isa = PBXBuildFile; fileRef = E5CB39AB1A2904AE00DD0D7A /* ic_TabNavMainSearch@2x.png */; };
		E5CB39B11A2904AE00DD0D7A /* ic_UserProfileSettings.png in Resources */ = {isa = PBXBuildFile; fileRef = E5CB39AC1A2904AE00DD0D7A /* ic_UserProfileSettings.png */; };
		E5CB39B21A2904AE00DD0D7A /* ic_UserProfileSettings@2x.png in Resources */ = {isa = PBXBuildFile; fileRef = E5CB39AD1A2904AE00DD0D7A /* ic_UserProfileSettings@2x.png */; };
		E5CB39B51A29064800DD0D7A /* ic_Settings.png in Resources */ = {isa = PBXBuildFile; fileRef = E5CB39B31A29064800DD0D7A /* ic_Settings.png */; };
		E5CB39B61A29064800DD0D7A /* ic_Settings@2x.png in Resources */ = {isa = PBXBuildFile; fileRef = E5CB39B41A29064800DD0D7A /* ic_Settings@2x.png */; };
		E5CB39B91A291BE500DD0D7A /* Localizable.strings in Resources */ = {isa = PBXBuildFile; fileRef = E5CB39BB1A291BE500DD0D7A /* Localizable.strings */; };
		E5CB39BD1A29263100DD0D7A /* ImageIO.framework in Frameworks */ = {isa = PBXBuildFile; fileRef = E5CB39BC1A29263100DD0D7A /* ImageIO.framework */; };
		E5CB39BF1A29263600DD0D7A /* Accounts.framework in Frameworks */ = {isa = PBXBuildFile; fileRef = E5CB39BE1A29263600DD0D7A /* Accounts.framework */; };
		E5CB39C11A29263B00DD0D7A /* Twitter.framework in Frameworks */ = {isa = PBXBuildFile; fileRef = E5CB39C01A29263B00DD0D7A /* Twitter.framework */; };
		E5CB39C31A29264000DD0D7A /* Security.framework in Frameworks */ = {isa = PBXBuildFile; fileRef = E5CB39C21A29264000DD0D7A /* Security.framework */; };
		E5CB39C51A29264500DD0D7A /* Social.framework in Frameworks */ = {isa = PBXBuildFile; fileRef = E5CB39C41A29264500DD0D7A /* Social.framework */; };
		E5CB39C71A29264A00DD0D7A /* CoreGraphics.framework in Frameworks */ = {isa = PBXBuildFile; fileRef = E5CB39C61A29264A00DD0D7A /* CoreGraphics.framework */; };
		E5CB39C91A29265000DD0D7A /* AVFoundation.framework in Frameworks */ = {isa = PBXBuildFile; fileRef = E5CB39C81A29265000DD0D7A /* AVFoundation.framework */; };
		E5CB39CB1A29265C00DD0D7A /* Foundation.framework in Frameworks */ = {isa = PBXBuildFile; fileRef = E5CB39CA1A29265C00DD0D7A /* Foundation.framework */; };
		E5CB39CD1A29266300DD0D7A /* UIKit.framework in Frameworks */ = {isa = PBXBuildFile; fileRef = E5CB39CC1A29266300DD0D7A /* UIKit.framework */; };
		E5CB39D01A29269700DD0D7A /* SDWebImage.framework in Frameworks */ = {isa = PBXBuildFile; fileRef = E5CB39CF1A29269700DD0D7A /* SDWebImage.framework */; };
		E5CB39D31A2933A300DD0D7A /* CEMSettings.m in Sources */ = {isa = PBXBuildFile; fileRef = E5CB39D21A2933A300DD0D7A /* CEMSettings.m */; };
		E5CB39D81A294C5F00DD0D7A /* CEMArticleTableViewCell.m in Sources */ = {isa = PBXBuildFile; fileRef = E5CB39D61A294C5F00DD0D7A /* CEMArticleTableViewCell.m */; };
		E5CB39D91A294C5F00DD0D7A /* CEMArticleTableViewCell.xib in Resources */ = {isa = PBXBuildFile; fileRef = E5CB39D71A294C5F00DD0D7A /* CEMArticleTableViewCell.xib */; };
		E5CB39DB1A294CA600DD0D7A /* imageBackground.png in Resources */ = {isa = PBXBuildFile; fileRef = E5CB39DA1A294CA600DD0D7A /* imageBackground.png */; };
		E5CB39DF1A294E9800DD0D7A /* CEMArticleTableViewCellSmall.m in Sources */ = {isa = PBXBuildFile; fileRef = E5CB39DD1A294E9800DD0D7A /* CEMArticleTableViewCellSmall.m */; };
		E5CB39E01A294E9800DD0D7A /* CEMArticleTableViewCellSmall.xib in Resources */ = {isa = PBXBuildFile; fileRef = E5CB39DE1A294E9800DD0D7A /* CEMArticleTableViewCellSmall.xib */; };
		E5CB39E31A295CAF00DD0D7A /* CQATimeUtils.m in Sources */ = {isa = PBXBuildFile; fileRef = E5CB39E21A295CAF00DD0D7A /* CQATimeUtils.m */; };
		E5CB39E61A29667500DD0D7A /* ic_TabNavBlueArrowNav.png in Resources */ = {isa = PBXBuildFile; fileRef = E5CB39E41A29667500DD0D7A /* ic_TabNavBlueArrowNav.png */; };
		E5CB39E71A29667500DD0D7A /* ic_TabNavBlueArrowNav@2x.png in Resources */ = {isa = PBXBuildFile; fileRef = E5CB39E51A29667500DD0D7A /* ic_TabNavBlueArrowNav@2x.png */; };
		E5CB39EA1A29675100DD0D7A /* CQANavigationBarUtils.m in Sources */ = {isa = PBXBuildFile; fileRef = E5CB39E91A29675100DD0D7A /* CQANavigationBarUtils.m */; };
		E5CB39EE1A296DF000DD0D7A /* CEMArticleViewController.m in Sources */ = {isa = PBXBuildFile; fileRef = E5CB39EC1A296DF000DD0D7A /* CEMArticleViewController.m */; };
		E5CB39EF1A296DF000DD0D7A /* CEMArticleViewController.xib in Resources */ = {isa = PBXBuildFile; fileRef = E5CB39ED1A296DF000DD0D7A /* CEMArticleViewController.xib */; };
		E5CB3A0C1A298E1400DD0D7A /* ic_01_splashscreen@2x.png in Resources */ = {isa = PBXBuildFile; fileRef = E5CB39F01A298E1400DD0D7A /* ic_01_splashscreen@2x.png */; };
		E5CB3A0D1A298E1400DD0D7A /* ic_02_actionbar_logo@2x.png in Resources */ = {isa = PBXBuildFile; fileRef = E5CB39F11A298E1400DD0D7A /* ic_02_actionbar_logo@2x.png */; };
		E5CB3A0E1A298E1400DD0D7A /* ic_02_actionbar_options@2x.png in Resources */ = {isa = PBXBuildFile; fileRef = E5CB39F21A298E1400DD0D7A /* ic_02_actionbar_options@2x.png */; };
		E5CB3A0F1A298E1400DD0D7A /* ic_02_actionbar_profile@2x.png in Resources */ = {isa = PBXBuildFile; fileRef = E5CB39F31A298E1400DD0D7A /* ic_02_actionbar_profile@2x.png */; };
		E5CB3A101A298E1400DD0D7A /* ic_02_actionbar_search@2x.png in Resources */ = {isa = PBXBuildFile; fileRef = E5CB39F41A298E1400DD0D7A /* ic_02_actionbar_search@2x.png */; };
		E5CB3A111A298E1400DD0D7A /* ic_03_maintopic_gradient@2x.png in Resources */ = {isa = PBXBuildFile; fileRef = E5CB39F51A298E1400DD0D7A /* ic_03_maintopic_gradient@2x.png */; };
		E5CB3A121A298E1400DD0D7A /* ic_03_topic_add@2x.png in Resources */ = {isa = PBXBuildFile; fileRef = E5CB39F61A298E1400DD0D7A /* ic_03_topic_add@2x.png */; };
		E5CB3A131A298E1400DD0D7A /* ic_03_topic_gradient@2x.png in Resources */ = {isa = PBXBuildFile; fileRef = E5CB39F71A298E1400DD0D7A /* ic_03_topic_gradient@2x.png */; };
		E5CB3A141A298E1400DD0D7A /* ic_04_actionbar_back@2x.png in Resources */ = {isa = PBXBuildFile; fileRef = E5CB39F81A298E1400DD0D7A /* ic_04_actionbar_back@2x.png */; };
		E5CB3A151A298E1400DD0D7A /* ic_04_actionbar_cancel@2x.png in Resources */ = {isa = PBXBuildFile; fileRef = E5CB39F91A298E1400DD0D7A /* ic_04_actionbar_cancel@2x.png */; };
		E5CB3A161A298E1400DD0D7A /* ic_04_actionbar_isotype@2x.png in Resources */ = {isa = PBXBuildFile; fileRef = E5CB39FA1A298E1400DD0D7A /* ic_04_actionbar_isotype@2x.png */; };
		E5CB3A171A298E1400DD0D7A /* ic_05_choose_off@2x.png in Resources */ = {isa = PBXBuildFile; fileRef = E5CB39FB1A298E1400DD0D7A /* ic_05_choose_off@2x.png */; };
		E5CB3A181A298E1400DD0D7A /* ic_05_choose_on@2x.png in Resources */ = {isa = PBXBuildFile; fileRef = E5CB39FC1A298E1400DD0D7A /* ic_05_choose_on@2x.png */; };
		E5CB3A191A298E1400DD0D7A /* ic_06_profile_moods@2x.png in Resources */ = {isa = PBXBuildFile; fileRef = E5CB39FD1A298E1400DD0D7A /* ic_06_profile_moods@2x.png */; };
		E5CB3A1A1A298E1400DD0D7A /* ic_06_profile_views@2x.png in Resources */ = {isa = PBXBuildFile; fileRef = E5CB39FE1A298E1400DD0D7A /* ic_06_profile_views@2x.png */; };
		E5CB3A1B1A298E1400DD0D7A /* ic_07_share@2x.png in Resources */ = {isa = PBXBuildFile; fileRef = E5CB39FF1A298E1400DD0D7A /* ic_07_share@2x.png */; };
		E5CB3A1C1A298E1400DD0D7A /* ic_08_cover_moods@2x.png in Resources */ = {isa = PBXBuildFile; fileRef = E5CB3A001A298E1400DD0D7A /* ic_08_cover_moods@2x.png */; };
		E5CB3A1D1A298E1400DD0D7A /* ic_09_photo_info@2x.png in Resources */ = {isa = PBXBuildFile; fileRef = E5CB3A011A298E1400DD0D7A /* ic_09_photo_info@2x.png */; };
		E5CB3A1E1A298E1400DD0D7A /* ic_10_news_comment@2x.png in Resources */ = {isa = PBXBuildFile; fileRef = E5CB3A021A298E1400DD0D7A /* ic_10_news_comment@2x.png */; };
		E5CB3A1F1A298E1400DD0D7A /* ic_11_moods_astonished@2x.png in Resources */ = {isa = PBXBuildFile; fileRef = E5CB3A031A298E1400DD0D7A /* ic_11_moods_astonished@2x.png */; };
		E5CB3A201A298E1400DD0D7A /* ic_11_moods_choose@2x.png in Resources */ = {isa = PBXBuildFile; fileRef = E5CB3A041A298E1400DD0D7A /* ic_11_moods_choose@2x.png */; };
		E5CB3A211A298E1400DD0D7A /* ic_11_moods_indiferent@2x.png in Resources */ = {isa = PBXBuildFile; fileRef = E5CB3A051A298E1400DD0D7A /* ic_11_moods_indiferent@2x.png */; };
		E5CB3A221A298E1400DD0D7A /* ic_11_moods_pleased@2x.png in Resources */ = {isa = PBXBuildFile; fileRef = E5CB3A061A298E1400DD0D7A /* ic_11_moods_pleased@2x.png */; };
		E5CB3A231A298E1400DD0D7A /* ic_11_moods_sorry@2x.png in Resources */ = {isa = PBXBuildFile; fileRef = E5CB3A071A298E1400DD0D7A /* ic_11_moods_sorry@2x.png */; };
		E5CB3A241A298E1400DD0D7A /* ic_11_moods_worried@2x.png in Resources */ = {isa = PBXBuildFile; fileRef = E5CB3A081A298E1400DD0D7A /* ic_11_moods_worried@2x.png */; };
		E5CB3A251A298E1400DD0D7A /* ic_12_comment_audio@2x.png in Resources */ = {isa = PBXBuildFile; fileRef = E5CB3A091A298E1400DD0D7A /* ic_12_comment_audio@2x.png */; };
		E5CB3A261A298E1400DD0D7A /* ic_12_comment_text@2x.png in Resources */ = {isa = PBXBuildFile; fileRef = E5CB3A0A1A298E1400DD0D7A /* ic_12_comment_text@2x.png */; };
		E5CB3A271A298E1400DD0D7A /* ic_12_comment_video@2x.png in Resources */ = {isa = PBXBuildFile; fileRef = E5CB3A0B1A298E1400DD0D7A /* ic_12_comment_video@2x.png */; };
		E5CB3A471A298E9800DD0D7A /* ic_01_splashscreen.png in Resources */ = {isa = PBXBuildFile; fileRef = E5CB3A281A298E9800DD0D7A /* ic_01_splashscreen.png */; };
		E5CB3A481A298E9800DD0D7A /* ic_02_actionbar_logo.png in Resources */ = {isa = PBXBuildFile; fileRef = E5CB3A291A298E9800DD0D7A /* ic_02_actionbar_logo.png */; };
		E5CB3A491A298E9800DD0D7A /* ic_02_actionbar_options.png in Resources */ = {isa = PBXBuildFile; fileRef = E5CB3A2A1A298E9800DD0D7A /* ic_02_actionbar_options.png */; };
		E5CB3A4A1A298E9800DD0D7A /* ic_02_actionbar_profile.png in Resources */ = {isa = PBXBuildFile; fileRef = E5CB3A2B1A298E9800DD0D7A /* ic_02_actionbar_profile.png */; };
		E5CB3A4B1A298E9800DD0D7A /* ic_02_actionbar_search.png in Resources */ = {isa = PBXBuildFile; fileRef = E5CB3A2C1A298E9800DD0D7A /* ic_02_actionbar_search.png */; };
		E5CB3A4C1A298E9800DD0D7A /* ic_03_maintopic_gradient.png in Resources */ = {isa = PBXBuildFile; fileRef = E5CB3A2D1A298E9800DD0D7A /* ic_03_maintopic_gradient.png */; };
		E5CB3A4D1A298E9800DD0D7A /* ic_03_topic_add.png in Resources */ = {isa = PBXBuildFile; fileRef = E5CB3A2E1A298E9800DD0D7A /* ic_03_topic_add.png */; };
		E5CB3A4E1A298E9800DD0D7A /* ic_03_topic_gradient.png in Resources */ = {isa = PBXBuildFile; fileRef = E5CB3A2F1A298E9800DD0D7A /* ic_03_topic_gradient.png */; };
		E5CB3A4F1A298E9800DD0D7A /* ic_04_actionbar_back.png in Resources */ = {isa = PBXBuildFile; fileRef = E5CB3A301A298E9800DD0D7A /* ic_04_actionbar_back.png */; };
		E5CB3A501A298E9800DD0D7A /* ic_04_actionbar_cancel.png in Resources */ = {isa = PBXBuildFile; fileRef = E5CB3A311A298E9800DD0D7A /* ic_04_actionbar_cancel.png */; };
		E5CB3A511A298E9800DD0D7A /* ic_04_actionbar_isotype.png in Resources */ = {isa = PBXBuildFile; fileRef = E5CB3A321A298E9800DD0D7A /* ic_04_actionbar_isotype.png */; };
		E5CB3A521A298E9800DD0D7A /* ic_05_choose_off.png in Resources */ = {isa = PBXBuildFile; fileRef = E5CB3A331A298E9800DD0D7A /* ic_05_choose_off.png */; };
		E5CB3A531A298E9800DD0D7A /* ic_05_choose_on.png in Resources */ = {isa = PBXBuildFile; fileRef = E5CB3A341A298E9800DD0D7A /* ic_05_choose_on.png */; };
		E5CB3A541A298E9800DD0D7A /* ic_06_profile_moods.png in Resources */ = {isa = PBXBuildFile; fileRef = E5CB3A351A298E9800DD0D7A /* ic_06_profile_moods.png */; };
		E5CB3A551A298E9800DD0D7A /* ic_06_profile_views.png in Resources */ = {isa = PBXBuildFile; fileRef = E5CB3A361A298E9800DD0D7A /* ic_06_profile_views.png */; };
		E5CB3A561A298E9800DD0D7A /* ic_07_share.png in Resources */ = {isa = PBXBuildFile; fileRef = E5CB3A371A298E9800DD0D7A /* ic_07_share.png */; };
		E5CB3A571A298E9800DD0D7A /* ic_08_cover_moods.png in Resources */ = {isa = PBXBuildFile; fileRef = E5CB3A381A298E9800DD0D7A /* ic_08_cover_moods.png */; };
		E5CB3A581A298E9800DD0D7A /* ic_09_photo_info.png in Resources */ = {isa = PBXBuildFile; fileRef = E5CB3A391A298E9800DD0D7A /* ic_09_photo_info.png */; };
		E5CB3A591A298E9800DD0D7A /* ic_10_news_comment.png in Resources */ = {isa = PBXBuildFile; fileRef = E5CB3A3A1A298E9800DD0D7A /* ic_10_news_comment.png */; };
		E5CB3A5A1A298E9800DD0D7A /* ic_11_moods_astonished.png in Resources */ = {isa = PBXBuildFile; fileRef = E5CB3A3B1A298E9800DD0D7A /* ic_11_moods_astonished.png */; };
		E5CB3A5B1A298E9800DD0D7A /* ic_11_moods_choose.png in Resources */ = {isa = PBXBuildFile; fileRef = E5CB3A3C1A298E9800DD0D7A /* ic_11_moods_choose.png */; };
		E5CB3A5C1A298E9800DD0D7A /* ic_11_moods_indiferent.png in Resources */ = {isa = PBXBuildFile; fileRef = E5CB3A3D1A298E9800DD0D7A /* ic_11_moods_indiferent.png */; };
		E5CB3A5D1A298E9800DD0D7A /* ic_11_moods_pleased.png in Resources */ = {isa = PBXBuildFile; fileRef = E5CB3A3E1A298E9800DD0D7A /* ic_11_moods_pleased.png */; };
		E5CB3A5E1A298E9800DD0D7A /* ic_11_moods_sorry.png in Resources */ = {isa = PBXBuildFile; fileRef = E5CB3A3F1A298E9800DD0D7A /* ic_11_moods_sorry.png */; };
		E5CB3A5F1A298E9800DD0D7A /* ic_11_moods_worried.png in Resources */ = {isa = PBXBuildFile; fileRef = E5CB3A401A298E9800DD0D7A /* ic_11_moods_worried.png */; };
		E5CB3A601A298E9800DD0D7A /* ic_12_comment_audio.png in Resources */ = {isa = PBXBuildFile; fileRef = E5CB3A411A298E9800DD0D7A /* ic_12_comment_audio.png */; };
		E5CB3A611A298E9800DD0D7A /* ic_12_comment_text.png in Resources */ = {isa = PBXBuildFile; fileRef = E5CB3A421A298E9800DD0D7A /* ic_12_comment_text.png */; };
		E5CB3A621A298E9800DD0D7A /* ic_12_comment_video.png in Resources */ = {isa = PBXBuildFile; fileRef = E5CB3A431A298E9800DD0D7A /* ic_12_comment_video.png */; };
		E5CB3A631A298E9800DD0D7A /* ic_13_video_gradient.png in Resources */ = {isa = PBXBuildFile; fileRef = E5CB3A441A298E9800DD0D7A /* ic_13_video_gradient.png */; };
		E5CB3A641A298E9800DD0D7A /* ic_13_video_isotype.png in Resources */ = {isa = PBXBuildFile; fileRef = E5CB3A451A298E9800DD0D7A /* ic_13_video_isotype.png */; };
		E5CB3A651A298E9800DD0D7A /* ic_13_video_play.png in Resources */ = {isa = PBXBuildFile; fileRef = E5CB3A461A298E9800DD0D7A /* ic_13_video_play.png */; };
		E5CB3A681A2991F500DD0D7A /* CQAInvitePeopleUtils.m in Sources */ = {isa = PBXBuildFile; fileRef = E5CB3A671A2991F500DD0D7A /* CQAInvitePeopleUtils.m */; };
		E5E8D12B1A278486009386DE /* CQABaseApi.m in Sources */ = {isa = PBXBuildFile; fileRef = E5E8D1281A278486009386DE /* CQABaseApi.m */; };
		E5E8D12C1A278486009386DE /* CEMElMundoApi.m in Sources */ = {isa = PBXBuildFile; fileRef = E5E8D12A1A278486009386DE /* CEMElMundoApi.m */; };
		E5E8D12F1A27861E009386DE /* CEMDefinitions.m in Sources */ = {isa = PBXBuildFile; fileRef = E5E8D12D1A27861E009386DE /* CEMDefinitions.m */; };
/* End PBXBuildFile section */

/* Begin PBXContainerItemProxy section */
		E506796F1A235D6700F39808 /* PBXContainerItemProxy */ = {
			isa = PBXContainerItemProxy;
			containerPortal = E506794A1A235D6700F39808 /* Project object */;
			proxyType = 1;
			remoteGlobalIDString = E50679511A235D6700F39808;
			remoteInfo = elmundo;
		};
/* End PBXContainerItemProxy section */

/* Begin PBXFileReference section */
		E50679521A235D6700F39808 /* elmundo.app */ = {isa = PBXFileReference; explicitFileType = wrapper.application; includeInIndex = 0; path = elmundo.app; sourceTree = BUILT_PRODUCTS_DIR; };
		E50679561A235D6700F39808 /* Info.plist */ = {isa = PBXFileReference; lastKnownFileType = text.plist.xml; path = Info.plist; sourceTree = "<group>"; };
		E50679571A235D6700F39808 /* main.m */ = {isa = PBXFileReference; lastKnownFileType = sourcecode.c.objc; path = main.m; sourceTree = "<group>"; };
		E50679591A235D6700F39808 /* CEMAppDelegate.h */ = {isa = PBXFileReference; lastKnownFileType = sourcecode.c.h; path = CEMAppDelegate.h; sourceTree = "<group>"; };
		E506795A1A235D6700F39808 /* CEMAppDelegate.m */ = {isa = PBXFileReference; lastKnownFileType = sourcecode.c.objc; path = CEMAppDelegate.m; sourceTree = "<group>"; };
		E506795D1A235D6700F39808 /* elmundo.xcdatamodel */ = {isa = PBXFileReference; lastKnownFileType = wrapper.xcdatamodel; path = elmundo.xcdatamodel; sourceTree = "<group>"; };
		E50679651A235D6700F39808 /* Images.xcassets */ = {isa = PBXFileReference; lastKnownFileType = folder.assetcatalog; path = Images.xcassets; sourceTree = "<group>"; };
		E50679681A235D6700F39808 /* Base */ = {isa = PBXFileReference; lastKnownFileType = file.xib; name = Base; path = Base.lproj/LaunchScreen.xib; sourceTree = "<group>"; };
		E506796E1A235D6700F39808 /* elmundoTests.xctest */ = {isa = PBXFileReference; explicitFileType = wrapper.cfbundle; includeInIndex = 0; path = elmundoTests.xctest; sourceTree = BUILT_PRODUCTS_DIR; };
		E50679731A235D6700F39808 /* Info.plist */ = {isa = PBXFileReference; lastKnownFileType = text.plist.xml; path = Info.plist; sourceTree = "<group>"; };
		E50679741A235D6700F39808 /* elmundoTests.m */ = {isa = PBXFileReference; lastKnownFileType = sourcecode.c.objc; path = elmundoTests.m; sourceTree = "<group>"; };
		E50679891A2363B600F39808 /* CEMNewsViewController.h */ = {isa = PBXFileReference; fileEncoding = 4; lastKnownFileType = sourcecode.c.h; name = CEMNewsViewController.h; path = Controllers/CEMNewsViewController.h; sourceTree = "<group>"; };
		E506798A1A2363B600F39808 /* CEMNewsViewController.m */ = {isa = PBXFileReference; fileEncoding = 4; lastKnownFileType = sourcecode.c.objc; name = CEMNewsViewController.m; path = Controllers/CEMNewsViewController.m; sourceTree = "<group>"; };
		E506798B1A2363B600F39808 /* CEMNewsViewController.xib */ = {isa = PBXFileReference; fileEncoding = 4; lastKnownFileType = file.xib; name = CEMNewsViewController.xib; path = Controllers/CEMNewsViewController.xib; sourceTree = "<group>"; };
		E506798E1A23674D00F39808 /* CEMLaunchViewController.h */ = {isa = PBXFileReference; fileEncoding = 4; lastKnownFileType = sourcecode.c.h; name = CEMLaunchViewController.h; path = Controllers/CEMLaunchViewController.h; sourceTree = "<group>"; };
		E506798F1A23674D00F39808 /* CEMLaunchViewController.m */ = {isa = PBXFileReference; fileEncoding = 4; lastKnownFileType = sourcecode.c.objc; name = CEMLaunchViewController.m; path = Controllers/CEMLaunchViewController.m; sourceTree = "<group>"; };
		E50679901A23674D00F39808 /* CEMLaunchViewController.xib */ = {isa = PBXFileReference; fileEncoding = 4; lastKnownFileType = file.xib; name = CEMLaunchViewController.xib; path = Controllers/CEMLaunchViewController.xib; sourceTree = "<group>"; };
		E50679981A236A8400F39808 /* logoLaunch */ = {isa = PBXFileReference; lastKnownFileType = file; path = logoLaunch; sourceTree = "<group>"; };
		E50679991A236A8400F39808 /* logoLaunch@2x */ = {isa = PBXFileReference; lastKnownFileType = file; path = "logoLaunch@2x"; sourceTree = "<group>"; };
		E506799A1A236A8400F39808 /* logoLaunch@3x.png */ = {isa = PBXFileReference; lastKnownFileType = image.png; path = "logoLaunch@3x.png"; sourceTree = "<group>"; };
		E506799B1A236A8400F39808 /* logoNav */ = {isa = PBXFileReference; lastKnownFileType = file; path = logoNav; sourceTree = "<group>"; };
		E506799C1A236A8400F39808 /* logoNav@2x */ = {isa = PBXFileReference; lastKnownFileType = file; path = "logoNav@2x"; sourceTree = "<group>"; };
		E506799D1A236A8400F39808 /* logoNav@3x */ = {isa = PBXFileReference; lastKnownFileType = file; path = "logoNav@3x"; sourceTree = "<group>"; };
		E50679A51A239E3D00F39808 /* CEMArticle.h */ = {isa = PBXFileReference; fileEncoding = 4; lastKnownFileType = sourcecode.c.h; name = CEMArticle.h; path = Models/CEMArticle.h; sourceTree = "<group>"; };
		E50679A61A239E3D00F39808 /* CEMArticle.m */ = {isa = PBXFileReference; fileEncoding = 4; lastKnownFileType = sourcecode.c.objc; name = CEMArticle.m; path = Models/CEMArticle.m; sourceTree = "<group>"; };
		E50FD7711A24A7F90026EC43 /* CEMAd.h */ = {isa = PBXFileReference; fileEncoding = 4; lastKnownFileType = sourcecode.c.h; name = CEMAd.h; path = Models/CEMAd.h; sourceTree = "<group>"; };
		E50FD7721A24A7F90026EC43 /* CEMAd.m */ = {isa = PBXFileReference; fileEncoding = 4; lastKnownFileType = sourcecode.c.objc; name = CEMAd.m; path = Models/CEMAd.m; sourceTree = "<group>"; };
		E50FD7741A24B20C0026EC43 /* CEMNewsCollectionViewController.h */ = {isa = PBXFileReference; fileEncoding = 4; lastKnownFileType = sourcecode.c.h; name = CEMNewsCollectionViewController.h; path = Controllers/CEMNewsCollectionViewController.h; sourceTree = "<group>"; };
		E50FD7751A24B20C0026EC43 /* CEMNewsCollectionViewController.m */ = {isa = PBXFileReference; fileEncoding = 4; lastKnownFileType = sourcecode.c.objc; name = CEMNewsCollectionViewController.m; path = Controllers/CEMNewsCollectionViewController.m; sourceTree = "<group>"; };
		E50FD7761A24B20C0026EC43 /* CEMNewsCollectionViewController.xib */ = {isa = PBXFileReference; fileEncoding = 4; lastKnownFileType = file.xib; name = CEMNewsCollectionViewController.xib; path = Controllers/CEMNewsCollectionViewController.xib; sourceTree = "<group>"; };
		E5B91D601A29DA6B00012E7F /* CQAAlerts.h */ = {isa = PBXFileReference; fileEncoding = 4; lastKnownFileType = sourcecode.c.h; name = CQAAlerts.h; path = Utils/CQAAlerts.h; sourceTree = "<group>"; };
		E5B91D611A29DA6B00012E7F /* CQAAlerts.m */ = {isa = PBXFileReference; fileEncoding = 4; lastKnownFileType = sourcecode.c.objc; name = CQAAlerts.m; path = Utils/CQAAlerts.m; sourceTree = "<group>"; };
		E5B91D631A29E2DF00012E7F /* QuartzCore.framework */ = {isa = PBXFileReference; lastKnownFileType = wrapper.framework; name = QuartzCore.framework; path = System/Library/Frameworks/QuartzCore.framework; sourceTree = SDKROOT; };
		E5B91D681A29E30A00012E7F /* GKLCubeViewController.h */ = {isa = PBXFileReference; fileEncoding = 4; lastKnownFileType = sourcecode.c.h; path = GKLCubeViewController.h; sourceTree = "<group>"; };
		E5B91D691A29E30A00012E7F /* GKLCubeViewController.m */ = {isa = PBXFileReference; fileEncoding = 4; lastKnownFileType = sourcecode.c.objc; path = GKLCubeViewController.m; sourceTree = "<group>"; };
		E5B91D6B1A29F36F00012E7F /* CQANotificationManager.m */ = {isa = PBXFileReference; fileEncoding = 4; lastKnownFileType = sourcecode.c.objc; name = CQANotificationManager.m; path = Utils/CQANotificationManager.m; sourceTree = "<group>"; };
		E5B91D6C1A29F36F00012E7F /* CQANotificationManager.h */ = {isa = PBXFileReference; fileEncoding = 4; lastKnownFileType = sourcecode.c.h; name = CQANotificationManager.h; path = Utils/CQANotificationManager.h; sourceTree = "<group>"; };
		E5B91D6F1A29F70200012E7F /* CoreLocation.framework */ = {isa = PBXFileReference; lastKnownFileType = wrapper.framework; name = CoreLocation.framework; path = System/Library/Frameworks/CoreLocation.framework; sourceTree = SDKROOT; };
		E5B91D711A29FAA200012E7F /* MobileCoreServices.framework */ = {isa = PBXFileReference; lastKnownFileType = wrapper.framework; name = MobileCoreServices.framework; path = System/Library/Frameworks/MobileCoreServices.framework; sourceTree = SDKROOT; };
		E5CB39921A28E2B200DD0D7A /* MuseoSans_500.otf */ = {isa = PBXFileReference; lastKnownFileType = file; path = MuseoSans_500.otf; sourceTree = "<group>"; };
		E5CB39931A28E2B200DD0D7A /* MuseoSans_700.otf */ = {isa = PBXFileReference; lastKnownFileType = file; path = MuseoSans_700.otf; sourceTree = "<group>"; };
		E5CB39941A28E2B200DD0D7A /* MuseoSans_900.otf */ = {isa = PBXFileReference; lastKnownFileType = file; path = MuseoSans_900.otf; sourceTree = "<group>"; };
		E5CB39961A28E2B200DD0D7A /* El_Mundoapp_palette.jpg */ = {isa = PBXFileReference; lastKnownFileType = image.jpeg; path = El_Mundoapp_palette.jpg; sourceTree = "<group>"; };
		E5CB399C1A28E75600DD0D7A /* MuseoSans_300.otf */ = {isa = PBXFileReference; lastKnownFileType = file; path = MuseoSans_300.otf; sourceTree = "<group>"; };
		E5CB399E1A28EE8600DD0D7A /* CQAAppSettingsDefinitions.h */ = {isa = PBXFileReference; fileEncoding = 4; lastKnownFileType = sourcecode.c.h; path = CQAAppSettingsDefinitions.h; sourceTree = "<group>"; };
		E5CB399F1A28EE8600DD0D7A /* CQAAppSettingsDefinitions.m */ = {isa = PBXFileReference; fileEncoding = 4; lastKnownFileType = sourcecode.c.objc; path = CQAAppSettingsDefinitions.m; sourceTree = "<group>"; };
		E5CB39A21A28EFC200DD0D7A /* CQAAppSettings.h */ = {isa = PBXFileReference; fileEncoding = 4; lastKnownFileType = sourcecode.c.h; name = CQAAppSettings.h; path = Utils/CQAAppSettings.h; sourceTree = "<group>"; };
		E5CB39A31A28EFC200DD0D7A /* CQAAppSettings.m */ = {isa = PBXFileReference; fileEncoding = 4; lastKnownFileType = sourcecode.c.objc; name = CQAAppSettings.m; path = Utils/CQAAppSettings.m; sourceTree = "<group>"; };
		E5CB39A51A28FFDF00DD0D7A /* logoSplash.png */ = {isa = PBXFileReference; lastKnownFileType = image.png; path = logoSplash.png; sourceTree = "<group>"; };
		E5CB39A71A29022500DD0D7A /* boxTitle-small */ = {isa = PBXFileReference; lastKnownFileType = file; path = "boxTitle-small"; sourceTree = "<group>"; };
		E5CB39A91A2904AE00DD0D7A /* addButton.png */ = {isa = PBXFileReference; lastKnownFileType = image.png; path = addButton.png; sourceTree = "<group>"; };
		E5CB39AA1A2904AE00DD0D7A /* ic_TabNavMainSearch.png */ = {isa = PBXFileReference; lastKnownFileType = image.png; path = ic_TabNavMainSearch.png; sourceTree = "<group>"; };
		E5CB39AB1A2904AE00DD0D7A /* ic_TabNavMainSearch@2x.png */ = {isa = PBXFileReference; lastKnownFileType = image.png; path = "ic_TabNavMainSearch@2x.png"; sourceTree = "<group>"; };
		E5CB39AC1A2904AE00DD0D7A /* ic_UserProfileSettings.png */ = {isa = PBXFileReference; lastKnownFileType = image.png; path = ic_UserProfileSettings.png; sourceTree = "<group>"; };
		E5CB39AD1A2904AE00DD0D7A /* ic_UserProfileSettings@2x.png */ = {isa = PBXFileReference; lastKnownFileType = image.png; path = "ic_UserProfileSettings@2x.png"; sourceTree = "<group>"; };
		E5CB39B31A29064800DD0D7A /* ic_Settings.png */ = {isa = PBXFileReference; lastKnownFileType = image.png; path = ic_Settings.png; sourceTree = "<group>"; };
		E5CB39B41A29064800DD0D7A /* ic_Settings@2x.png */ = {isa = PBXFileReference; lastKnownFileType = image.png; path = "ic_Settings@2x.png"; sourceTree = "<group>"; };
		E5CB39BA1A291BE500DD0D7A /* en */ = {isa = PBXFileReference; lastKnownFileType = text.plist.strings; name = en; path = en.lproj/Localizable.strings; sourceTree = "<group>"; };
		E5CB39BC1A29263100DD0D7A /* ImageIO.framework */ = {isa = PBXFileReference; lastKnownFileType = wrapper.framework; name = ImageIO.framework; path = System/Library/Frameworks/ImageIO.framework; sourceTree = SDKROOT; };
		E5CB39BE1A29263600DD0D7A /* Accounts.framework */ = {isa = PBXFileReference; lastKnownFileType = wrapper.framework; name = Accounts.framework; path = System/Library/Frameworks/Accounts.framework; sourceTree = SDKROOT; };
		E5CB39C01A29263B00DD0D7A /* Twitter.framework */ = {isa = PBXFileReference; lastKnownFileType = wrapper.framework; name = Twitter.framework; path = System/Library/Frameworks/Twitter.framework; sourceTree = SDKROOT; };
		E5CB39C21A29264000DD0D7A /* Security.framework */ = {isa = PBXFileReference; lastKnownFileType = wrapper.framework; name = Security.framework; path = System/Library/Frameworks/Security.framework; sourceTree = SDKROOT; };
		E5CB39C41A29264500DD0D7A /* Social.framework */ = {isa = PBXFileReference; lastKnownFileType = wrapper.framework; name = Social.framework; path = System/Library/Frameworks/Social.framework; sourceTree = SDKROOT; };
		E5CB39C61A29264A00DD0D7A /* CoreGraphics.framework */ = {isa = PBXFileReference; lastKnownFileType = wrapper.framework; name = CoreGraphics.framework; path = System/Library/Frameworks/CoreGraphics.framework; sourceTree = SDKROOT; };
		E5CB39C81A29265000DD0D7A /* AVFoundation.framework */ = {isa = PBXFileReference; lastKnownFileType = wrapper.framework; name = AVFoundation.framework; path = System/Library/Frameworks/AVFoundation.framework; sourceTree = SDKROOT; };
		E5CB39CA1A29265C00DD0D7A /* Foundation.framework */ = {isa = PBXFileReference; lastKnownFileType = wrapper.framework; name = Foundation.framework; path = System/Library/Frameworks/Foundation.framework; sourceTree = SDKROOT; };
		E5CB39CC1A29266300DD0D7A /* UIKit.framework */ = {isa = PBXFileReference; lastKnownFileType = wrapper.framework; name = UIKit.framework; path = System/Library/Frameworks/UIKit.framework; sourceTree = SDKROOT; };
		E5CB39CF1A29269700DD0D7A /* SDWebImage.framework */ = {isa = PBXFileReference; lastKnownFileType = wrapper.framework; name = SDWebImage.framework; path = Frameworks/SDWebImage.framework; sourceTree = "<group>"; };
		E5CB39D11A2933A300DD0D7A /* CEMSettings.h */ = {isa = PBXFileReference; fileEncoding = 4; lastKnownFileType = sourcecode.c.h; name = CEMSettings.h; path = Utils/CEMSettings.h; sourceTree = "<group>"; };
		E5CB39D21A2933A300DD0D7A /* CEMSettings.m */ = {isa = PBXFileReference; fileEncoding = 4; lastKnownFileType = sourcecode.c.objc; name = CEMSettings.m; path = Utils/CEMSettings.m; sourceTree = "<group>"; };
		E5CB39D51A294C5F00DD0D7A /* CEMArticleTableViewCell.h */ = {isa = PBXFileReference; fileEncoding = 4; lastKnownFileType = sourcecode.c.h; name = CEMArticleTableViewCell.h; path = Controllers/CEMArticleTableViewCell.h; sourceTree = "<group>"; };
		E5CB39D61A294C5F00DD0D7A /* CEMArticleTableViewCell.m */ = {isa = PBXFileReference; fileEncoding = 4; lastKnownFileType = sourcecode.c.objc; name = CEMArticleTableViewCell.m; path = Controllers/CEMArticleTableViewCell.m; sourceTree = "<group>"; };
		E5CB39D71A294C5F00DD0D7A /* CEMArticleTableViewCell.xib */ = {isa = PBXFileReference; fileEncoding = 4; lastKnownFileType = file.xib; name = CEMArticleTableViewCell.xib; path = Controllers/CEMArticleTableViewCell.xib; sourceTree = "<group>"; };
		E5CB39DA1A294CA600DD0D7A /* imageBackground.png */ = {isa = PBXFileReference; lastKnownFileType = image.png; path = imageBackground.png; sourceTree = "<group>"; };
		E5CB39DC1A294E9800DD0D7A /* CEMArticleTableViewCellSmall.h */ = {isa = PBXFileReference; fileEncoding = 4; lastKnownFileType = sourcecode.c.h; name = CEMArticleTableViewCellSmall.h; path = Controllers/CEMArticleTableViewCellSmall.h; sourceTree = "<group>"; };
		E5CB39DD1A294E9800DD0D7A /* CEMArticleTableViewCellSmall.m */ = {isa = PBXFileReference; fileEncoding = 4; lastKnownFileType = sourcecode.c.objc; name = CEMArticleTableViewCellSmall.m; path = Controllers/CEMArticleTableViewCellSmall.m; sourceTree = "<group>"; };
		E5CB39DE1A294E9800DD0D7A /* CEMArticleTableViewCellSmall.xib */ = {isa = PBXFileReference; fileEncoding = 4; lastKnownFileType = file.xib; name = CEMArticleTableViewCellSmall.xib; path = Controllers/CEMArticleTableViewCellSmall.xib; sourceTree = "<group>"; };
		E5CB39E11A295CAF00DD0D7A /* CQATimeUtils.h */ = {isa = PBXFileReference; fileEncoding = 4; lastKnownFileType = sourcecode.c.h; name = CQATimeUtils.h; path = Utils/CQATimeUtils.h; sourceTree = "<group>"; };
		E5CB39E21A295CAF00DD0D7A /* CQATimeUtils.m */ = {isa = PBXFileReference; fileEncoding = 4; lastKnownFileType = sourcecode.c.objc; name = CQATimeUtils.m; path = Utils/CQATimeUtils.m; sourceTree = "<group>"; };
		E5CB39E41A29667500DD0D7A /* ic_TabNavBlueArrowNav.png */ = {isa = PBXFileReference; lastKnownFileType = image.png; path = ic_TabNavBlueArrowNav.png; sourceTree = "<group>"; };
		E5CB39E51A29667500DD0D7A /* ic_TabNavBlueArrowNav@2x.png */ = {isa = PBXFileReference; lastKnownFileType = image.png; path = "ic_TabNavBlueArrowNav@2x.png"; sourceTree = "<group>"; };
		E5CB39E81A29675100DD0D7A /* CQANavigationBarUtils.h */ = {isa = PBXFileReference; fileEncoding = 4; lastKnownFileType = sourcecode.c.h; name = CQANavigationBarUtils.h; path = Utils/CQANavigationBarUtils.h; sourceTree = "<group>"; };
		E5CB39E91A29675100DD0D7A /* CQANavigationBarUtils.m */ = {isa = PBXFileReference; fileEncoding = 4; lastKnownFileType = sourcecode.c.objc; name = CQANavigationBarUtils.m; path = Utils/CQANavigationBarUtils.m; sourceTree = "<group>"; };
		E5CB39EB1A296DF000DD0D7A /* CEMArticleViewController.h */ = {isa = PBXFileReference; fileEncoding = 4; lastKnownFileType = sourcecode.c.h; name = CEMArticleViewController.h; path = Controllers/CEMArticleViewController.h; sourceTree = "<group>"; };
		E5CB39EC1A296DF000DD0D7A /* CEMArticleViewController.m */ = {isa = PBXFileReference; fileEncoding = 4; lastKnownFileType = sourcecode.c.objc; name = CEMArticleViewController.m; path = Controllers/CEMArticleViewController.m; sourceTree = "<group>"; };
		E5CB39ED1A296DF000DD0D7A /* CEMArticleViewController.xib */ = {isa = PBXFileReference; fileEncoding = 4; lastKnownFileType = file.xib; name = CEMArticleViewController.xib; path = Controllers/CEMArticleViewController.xib; sourceTree = "<group>"; };
		E5CB39F01A298E1400DD0D7A /* ic_01_splashscreen@2x.png */ = {isa = PBXFileReference; lastKnownFileType = image.png; path = "ic_01_splashscreen@2x.png"; sourceTree = "<group>"; };
		E5CB39F11A298E1400DD0D7A /* ic_02_actionbar_logo@2x.png */ = {isa = PBXFileReference; lastKnownFileType = image.png; path = "ic_02_actionbar_logo@2x.png"; sourceTree = "<group>"; };
		E5CB39F21A298E1400DD0D7A /* ic_02_actionbar_options@2x.png */ = {isa = PBXFileReference; lastKnownFileType = image.png; path = "ic_02_actionbar_options@2x.png"; sourceTree = "<group>"; };
		E5CB39F31A298E1400DD0D7A /* ic_02_actionbar_profile@2x.png */ = {isa = PBXFileReference; lastKnownFileType = image.png; path = "ic_02_actionbar_profile@2x.png"; sourceTree = "<group>"; };
		E5CB39F41A298E1400DD0D7A /* ic_02_actionbar_search@2x.png */ = {isa = PBXFileReference; lastKnownFileType = image.png; path = "ic_02_actionbar_search@2x.png"; sourceTree = "<group>"; };
		E5CB39F51A298E1400DD0D7A /* ic_03_maintopic_gradient@2x.png */ = {isa = PBXFileReference; lastKnownFileType = image.png; path = "ic_03_maintopic_gradient@2x.png"; sourceTree = "<group>"; };
		E5CB39F61A298E1400DD0D7A /* ic_03_topic_add@2x.png */ = {isa = PBXFileReference; lastKnownFileType = image.png; path = "ic_03_topic_add@2x.png"; sourceTree = "<group>"; };
		E5CB39F71A298E1400DD0D7A /* ic_03_topic_gradient@2x.png */ = {isa = PBXFileReference; lastKnownFileType = image.png; path = "ic_03_topic_gradient@2x.png"; sourceTree = "<group>"; };
		E5CB39F81A298E1400DD0D7A /* ic_04_actionbar_back@2x.png */ = {isa = PBXFileReference; lastKnownFileType = image.png; path = "ic_04_actionbar_back@2x.png"; sourceTree = "<group>"; };
		E5CB39F91A298E1400DD0D7A /* ic_04_actionbar_cancel@2x.png */ = {isa = PBXFileReference; lastKnownFileType = image.png; path = "ic_04_actionbar_cancel@2x.png"; sourceTree = "<group>"; };
		E5CB39FA1A298E1400DD0D7A /* ic_04_actionbar_isotype@2x.png */ = {isa = PBXFileReference; lastKnownFileType = image.png; path = "ic_04_actionbar_isotype@2x.png"; sourceTree = "<group>"; };
		E5CB39FB1A298E1400DD0D7A /* ic_05_choose_off@2x.png */ = {isa = PBXFileReference; lastKnownFileType = image.png; path = "ic_05_choose_off@2x.png"; sourceTree = "<group>"; };
		E5CB39FC1A298E1400DD0D7A /* ic_05_choose_on@2x.png */ = {isa = PBXFileReference; lastKnownFileType = image.png; path = "ic_05_choose_on@2x.png"; sourceTree = "<group>"; };
		E5CB39FD1A298E1400DD0D7A /* ic_06_profile_moods@2x.png */ = {isa = PBXFileReference; lastKnownFileType = image.png; path = "ic_06_profile_moods@2x.png"; sourceTree = "<group>"; };
		E5CB39FE1A298E1400DD0D7A /* ic_06_profile_views@2x.png */ = {isa = PBXFileReference; lastKnownFileType = image.png; path = "ic_06_profile_views@2x.png"; sourceTree = "<group>"; };
		E5CB39FF1A298E1400DD0D7A /* ic_07_share@2x.png */ = {isa = PBXFileReference; lastKnownFileType = image.png; path = "ic_07_share@2x.png"; sourceTree = "<group>"; };
		E5CB3A001A298E1400DD0D7A /* ic_08_cover_moods@2x.png */ = {isa = PBXFileReference; lastKnownFileType = image.png; path = "ic_08_cover_moods@2x.png"; sourceTree = "<group>"; };
		E5CB3A011A298E1400DD0D7A /* ic_09_photo_info@2x.png */ = {isa = PBXFileReference; lastKnownFileType = image.png; path = "ic_09_photo_info@2x.png"; sourceTree = "<group>"; };
		E5CB3A021A298E1400DD0D7A /* ic_10_news_comment@2x.png */ = {isa = PBXFileReference; lastKnownFileType = image.png; path = "ic_10_news_comment@2x.png"; sourceTree = "<group>"; };
		E5CB3A031A298E1400DD0D7A /* ic_11_moods_astonished@2x.png */ = {isa = PBXFileReference; lastKnownFileType = image.png; path = "ic_11_moods_astonished@2x.png"; sourceTree = "<group>"; };
		E5CB3A041A298E1400DD0D7A /* ic_11_moods_choose@2x.png */ = {isa = PBXFileReference; lastKnownFileType = image.png; path = "ic_11_moods_choose@2x.png"; sourceTree = "<group>"; };
		E5CB3A051A298E1400DD0D7A /* ic_11_moods_indiferent@2x.png */ = {isa = PBXFileReference; lastKnownFileType = image.png; path = "ic_11_moods_indiferent@2x.png"; sourceTree = "<group>"; };
		E5CB3A061A298E1400DD0D7A /* ic_11_moods_pleased@2x.png */ = {isa = PBXFileReference; lastKnownFileType = image.png; path = "ic_11_moods_pleased@2x.png"; sourceTree = "<group>"; };
		E5CB3A071A298E1400DD0D7A /* ic_11_moods_sorry@2x.png */ = {isa = PBXFileReference; lastKnownFileType = image.png; path = "ic_11_moods_sorry@2x.png"; sourceTree = "<group>"; };
		E5CB3A081A298E1400DD0D7A /* ic_11_moods_worried@2x.png */ = {isa = PBXFileReference; lastKnownFileType = image.png; path = "ic_11_moods_worried@2x.png"; sourceTree = "<group>"; };
		E5CB3A091A298E1400DD0D7A /* ic_12_comment_audio@2x.png */ = {isa = PBXFileReference; lastKnownFileType = image.png; path = "ic_12_comment_audio@2x.png"; sourceTree = "<group>"; };
		E5CB3A0A1A298E1400DD0D7A /* ic_12_comment_text@2x.png */ = {isa = PBXFileReference; lastKnownFileType = image.png; path = "ic_12_comment_text@2x.png"; sourceTree = "<group>"; };
		E5CB3A0B1A298E1400DD0D7A /* ic_12_comment_video@2x.png */ = {isa = PBXFileReference; lastKnownFileType = image.png; path = "ic_12_comment_video@2x.png"; sourceTree = "<group>"; };
		E5CB3A281A298E9800DD0D7A /* ic_01_splashscreen.png */ = {isa = PBXFileReference; lastKnownFileType = image.png; path = ic_01_splashscreen.png; sourceTree = "<group>"; };
		E5CB3A291A298E9800DD0D7A /* ic_02_actionbar_logo.png */ = {isa = PBXFileReference; lastKnownFileType = image.png; path = ic_02_actionbar_logo.png; sourceTree = "<group>"; };
		E5CB3A2A1A298E9800DD0D7A /* ic_02_actionbar_options.png */ = {isa = PBXFileReference; lastKnownFileType = image.png; path = ic_02_actionbar_options.png; sourceTree = "<group>"; };
		E5CB3A2B1A298E9800DD0D7A /* ic_02_actionbar_profile.png */ = {isa = PBXFileReference; lastKnownFileType = image.png; path = ic_02_actionbar_profile.png; sourceTree = "<group>"; };
		E5CB3A2C1A298E9800DD0D7A /* ic_02_actionbar_search.png */ = {isa = PBXFileReference; lastKnownFileType = image.png; path = ic_02_actionbar_search.png; sourceTree = "<group>"; };
		E5CB3A2D1A298E9800DD0D7A /* ic_03_maintopic_gradient.png */ = {isa = PBXFileReference; lastKnownFileType = image.png; path = ic_03_maintopic_gradient.png; sourceTree = "<group>"; };
		E5CB3A2E1A298E9800DD0D7A /* ic_03_topic_add.png */ = {isa = PBXFileReference; lastKnownFileType = image.png; path = ic_03_topic_add.png; sourceTree = "<group>"; };
		E5CB3A2F1A298E9800DD0D7A /* ic_03_topic_gradient.png */ = {isa = PBXFileReference; lastKnownFileType = image.png; path = ic_03_topic_gradient.png; sourceTree = "<group>"; };
		E5CB3A301A298E9800DD0D7A /* ic_04_actionbar_back.png */ = {isa = PBXFileReference; lastKnownFileType = image.png; path = ic_04_actionbar_back.png; sourceTree = "<group>"; };
		E5CB3A311A298E9800DD0D7A /* ic_04_actionbar_cancel.png */ = {isa = PBXFileReference; lastKnownFileType = image.png; path = ic_04_actionbar_cancel.png; sourceTree = "<group>"; };
		E5CB3A321A298E9800DD0D7A /* ic_04_actionbar_isotype.png */ = {isa = PBXFileReference; lastKnownFileType = image.png; path = ic_04_actionbar_isotype.png; sourceTree = "<group>"; };
		E5CB3A331A298E9800DD0D7A /* ic_05_choose_off.png */ = {isa = PBXFileReference; lastKnownFileType = image.png; path = ic_05_choose_off.png; sourceTree = "<group>"; };
		E5CB3A341A298E9800DD0D7A /* ic_05_choose_on.png */ = {isa = PBXFileReference; lastKnownFileType = image.png; path = ic_05_choose_on.png; sourceTree = "<group>"; };
		E5CB3A351A298E9800DD0D7A /* ic_06_profile_moods.png */ = {isa = PBXFileReference; lastKnownFileType = image.png; path = ic_06_profile_moods.png; sourceTree = "<group>"; };
		E5CB3A361A298E9800DD0D7A /* ic_06_profile_views.png */ = {isa = PBXFileReference; lastKnownFileType = image.png; path = ic_06_profile_views.png; sourceTree = "<group>"; };
		E5CB3A371A298E9800DD0D7A /* ic_07_share.png */ = {isa = PBXFileReference; lastKnownFileType = image.png; path = ic_07_share.png; sourceTree = "<group>"; };
		E5CB3A381A298E9800DD0D7A /* ic_08_cover_moods.png */ = {isa = PBXFileReference; lastKnownFileType = image.png; path = ic_08_cover_moods.png; sourceTree = "<group>"; };
		E5CB3A391A298E9800DD0D7A /* ic_09_photo_info.png */ = {isa = PBXFileReference; lastKnownFileType = image.png; path = ic_09_photo_info.png; sourceTree = "<group>"; };
		E5CB3A3A1A298E9800DD0D7A /* ic_10_news_comment.png */ = {isa = PBXFileReference; lastKnownFileType = image.png; path = ic_10_news_comment.png; sourceTree = "<group>"; };
		E5CB3A3B1A298E9800DD0D7A /* ic_11_moods_astonished.png */ = {isa = PBXFileReference; lastKnownFileType = image.png; path = ic_11_moods_astonished.png; sourceTree = "<group>"; };
		E5CB3A3C1A298E9800DD0D7A /* ic_11_moods_choose.png */ = {isa = PBXFileReference; lastKnownFileType = image.png; path = ic_11_moods_choose.png; sourceTree = "<group>"; };
		E5CB3A3D1A298E9800DD0D7A /* ic_11_moods_indiferent.png */ = {isa = PBXFileReference; lastKnownFileType = image.png; path = ic_11_moods_indiferent.png; sourceTree = "<group>"; };
		E5CB3A3E1A298E9800DD0D7A /* ic_11_moods_pleased.png */ = {isa = PBXFileReference; lastKnownFileType = image.png; path = ic_11_moods_pleased.png; sourceTree = "<group>"; };
		E5CB3A3F1A298E9800DD0D7A /* ic_11_moods_sorry.png */ = {isa = PBXFileReference; lastKnownFileType = image.png; path = ic_11_moods_sorry.png; sourceTree = "<group>"; };
		E5CB3A401A298E9800DD0D7A /* ic_11_moods_worried.png */ = {isa = PBXFileReference; lastKnownFileType = image.png; path = ic_11_moods_worried.png; sourceTree = "<group>"; };
		E5CB3A411A298E9800DD0D7A /* ic_12_comment_audio.png */ = {isa = PBXFileReference; lastKnownFileType = image.png; path = ic_12_comment_audio.png; sourceTree = "<group>"; };
		E5CB3A421A298E9800DD0D7A /* ic_12_comment_text.png */ = {isa = PBXFileReference; lastKnownFileType = image.png; path = ic_12_comment_text.png; sourceTree = "<group>"; };
		E5CB3A431A298E9800DD0D7A /* ic_12_comment_video.png */ = {isa = PBXFileReference; lastKnownFileType = image.png; path = ic_12_comment_video.png; sourceTree = "<group>"; };
		E5CB3A441A298E9800DD0D7A /* ic_13_video_gradient.png */ = {isa = PBXFileReference; lastKnownFileType = image.png; path = ic_13_video_gradient.png; sourceTree = "<group>"; };
		E5CB3A451A298E9800DD0D7A /* ic_13_video_isotype.png */ = {isa = PBXFileReference; lastKnownFileType = image.png; path = ic_13_video_isotype.png; sourceTree = "<group>"; };
		E5CB3A461A298E9800DD0D7A /* ic_13_video_play.png */ = {isa = PBXFileReference; lastKnownFileType = image.png; path = ic_13_video_play.png; sourceTree = "<group>"; };
		E5CB3A661A2991F500DD0D7A /* CQAInvitePeopleUtils.h */ = {isa = PBXFileReference; fileEncoding = 4; lastKnownFileType = sourcecode.c.h; name = CQAInvitePeopleUtils.h; path = Utils/CQAInvitePeopleUtils.h; sourceTree = "<group>"; };
		E5CB3A671A2991F500DD0D7A /* CQAInvitePeopleUtils.m */ = {isa = PBXFileReference; fileEncoding = 4; lastKnownFileType = sourcecode.c.objc; name = CQAInvitePeopleUtils.m; path = Utils/CQAInvitePeopleUtils.m; sourceTree = "<group>"; };
		E5E8D1271A278486009386DE /* CQABaseApi.h */ = {isa = PBXFileReference; fileEncoding = 4; lastKnownFileType = sourcecode.c.h; path = CQABaseApi.h; sourceTree = "<group>"; };
		E5E8D1281A278486009386DE /* CQABaseApi.m */ = {isa = PBXFileReference; fileEncoding = 4; lastKnownFileType = sourcecode.c.objc; path = CQABaseApi.m; sourceTree = "<group>"; };
		E5E8D1291A278486009386DE /* CEMElMundoApi.h */ = {isa = PBXFileReference; fileEncoding = 4; lastKnownFileType = sourcecode.c.h; path = CEMElMundoApi.h; sourceTree = "<group>"; };
		E5E8D12A1A278486009386DE /* CEMElMundoApi.m */ = {isa = PBXFileReference; fileEncoding = 4; lastKnownFileType = sourcecode.c.objc; path = CEMElMundoApi.m; sourceTree = "<group>"; };
		E5E8D12D1A27861E009386DE /* CEMDefinitions.m */ = {isa = PBXFileReference; fileEncoding = 4; lastKnownFileType = sourcecode.c.objc; path = CEMDefinitions.m; sourceTree = "<group>"; };
		E5E8D12E1A27861E009386DE /* CEMDefinitions.h */ = {isa = PBXFileReference; fileEncoding = 4; lastKnownFileType = sourcecode.c.h; path = CEMDefinitions.h; sourceTree = "<group>"; };
		E5E8D1301A2789F8009386DE /* ElMundo-PrefixHeader.pch */ = {isa = PBXFileReference; lastKnownFileType = sourcecode.c.h; path = "ElMundo-PrefixHeader.pch"; sourceTree = "<group>"; };
/* End PBXFileReference section */

/* Begin PBXFrameworksBuildPhase section */
		E506794F1A235D6700F39808 /* Frameworks */ = {
			isa = PBXFrameworksBuildPhase;
			buildActionMask = 2147483647;
			files = (
				E5B91D721A29FAA200012E7F /* MobileCoreServices.framework in Frameworks */,
				E5B91D701A29F70200012E7F /* CoreLocation.framework in Frameworks */,
				E5B91D641A29E2DF00012E7F /* QuartzCore.framework in Frameworks */,
				E5CB39CB1A29265C00DD0D7A /* Foundation.framework in Frameworks */,
				E5CB39CD1A29266300DD0D7A /* UIKit.framework in Frameworks */,
				E5CB39C91A29265000DD0D7A /* AVFoundation.framework in Frameworks */,
				E5CB39C71A29264A00DD0D7A /* CoreGraphics.framework in Frameworks */,
				E5CB39C31A29264000DD0D7A /* Security.framework in Frameworks */,
				E5CB39C11A29263B00DD0D7A /* Twitter.framework in Frameworks */,
				E5CB39BD1A29263100DD0D7A /* ImageIO.framework in Frameworks */,
				E5CB39C51A29264500DD0D7A /* Social.framework in Frameworks */,
				E5CB39BF1A29263600DD0D7A /* Accounts.framework in Frameworks */,
				E5CB39D01A29269700DD0D7A /* SDWebImage.framework in Frameworks */,
			);
			runOnlyForDeploymentPostprocessing = 0;
		};
		E506796B1A235D6700F39808 /* Frameworks */ = {
			isa = PBXFrameworksBuildPhase;
			buildActionMask = 2147483647;
			files = (
			);
			runOnlyForDeploymentPostprocessing = 0;
		};
/* End PBXFrameworksBuildPhase section */

/* Begin PBXGroup section */
		E50679491A235D6700F39808 = {
			isa = PBXGroup;
			children = (
				E5CB39CE1A29268C00DD0D7A /* Frameworks */,
				E50679541A235D6700F39808 /* elmundo */,
				E50679711A235D6700F39808 /* elmundoTests */,
				E50679531A235D6700F39808 /* Products */,
			);
			sourceTree = "<group>";
		};
		E50679531A235D6700F39808 /* Products */ = {
			isa = PBXGroup;
			children = (
				E50679521A235D6700F39808 /* elmundo.app */,
				E506796E1A235D6700F39808 /* elmundoTests.xctest */,
			);
			name = Products;
			sourceTree = "<group>";
		};
		E50679541A235D6700F39808 /* elmundo */ = {
			isa = PBXGroup;
			children = (
				E5B91D6E1A29F45900012E7F /* Voice */,
				E5CB39D41A294C1A00DD0D7A /* Models */,
				E5CB39A11A28EF9C00DD0D7A /* Utils */,
				E5CB399E1A28EE8600DD0D7A /* CQAAppSettingsDefinitions.h */,
				E5CB399F1A28EE8600DD0D7A /* CQAAppSettingsDefinitions.m */,
				E5E8D12D1A27861E009386DE /* CEMDefinitions.m */,
				E5E8D12E1A27861E009386DE /* CEMDefinitions.h */,
				E5E8D1261A278470009386DE /* Api */,
				E50679A41A239E1500F39808 /* Models */,
				E50679931A236A8400F39808 /* Resources */,
				E50679591A235D6700F39808 /* CEMAppDelegate.h */,
				E506795A1A235D6700F39808 /* CEMAppDelegate.m */,
				E50679651A235D6700F39808 /* Images.xcassets */,
				E50679671A235D6700F39808 /* LaunchScreen.xib */,
				E506795C1A235D6700F39808 /* elmundo.xcdatamodeld */,
				E50679551A235D6700F39808 /* Supporting Files */,
				E50679881A2361AC00F39808 /* Controllers */,
			);
			path = elmundo;
			sourceTree = "<group>";
		};
		E50679551A235D6700F39808 /* Supporting Files */ = {
			isa = PBXGroup;
			children = (
				E50679561A235D6700F39808 /* Info.plist */,
				E50679571A235D6700F39808 /* main.m */,
				E5E8D1301A2789F8009386DE /* ElMundo-PrefixHeader.pch */,
				E5CB39BB1A291BE500DD0D7A /* Localizable.strings */,
			);
			name = "Supporting Files";
			sourceTree = "<group>";
		};
		E50679711A235D6700F39808 /* elmundoTests */ = {
			isa = PBXGroup;
			children = (
				E50679741A235D6700F39808 /* elmundoTests.m */,
				E50679721A235D6700F39808 /* Supporting Files */,
			);
			path = elmundoTests;
			sourceTree = "<group>";
		};
		E50679721A235D6700F39808 /* Supporting Files */ = {
			isa = PBXGroup;
			children = (
				E50679731A235D6700F39808 /* Info.plist */,
			);
			name = "Supporting Files";
			sourceTree = "<group>";
		};
		E50679881A2361AC00F39808 /* Controllers */ = {
			isa = PBXGroup;
			children = (
				E50679891A2363B600F39808 /* CEMNewsViewController.h */,
				E506798A1A2363B600F39808 /* CEMNewsViewController.m */,
				E506798B1A2363B600F39808 /* CEMNewsViewController.xib */,
				E506798E1A23674D00F39808 /* CEMLaunchViewController.h */,
				E506798F1A23674D00F39808 /* CEMLaunchViewController.m */,
				E50679901A23674D00F39808 /* CEMLaunchViewController.xib */,
				E50FD7741A24B20C0026EC43 /* CEMNewsCollectionViewController.h */,
				E50FD7751A24B20C0026EC43 /* CEMNewsCollectionViewController.m */,
				E50FD7761A24B20C0026EC43 /* CEMNewsCollectionViewController.xib */,
				E5CB39D51A294C5F00DD0D7A /* CEMArticleTableViewCell.h */,
				E5CB39D61A294C5F00DD0D7A /* CEMArticleTableViewCell.m */,
				E5CB39D71A294C5F00DD0D7A /* CEMArticleTableViewCell.xib */,
				E5CB39DC1A294E9800DD0D7A /* CEMArticleTableViewCellSmall.h */,
				E5CB39DD1A294E9800DD0D7A /* CEMArticleTableViewCellSmall.m */,
				E5CB39DE1A294E9800DD0D7A /* CEMArticleTableViewCellSmall.xib */,
				E5CB39EB1A296DF000DD0D7A /* CEMArticleViewController.h */,
				E5CB39EC1A296DF000DD0D7A /* CEMArticleViewController.m */,
				E5CB39ED1A296DF000DD0D7A /* CEMArticleViewController.xib */,
			);
			name = Controllers;
			sourceTree = "<group>";
		};
		E50679931A236A8400F39808 /* Resources */ = {
			isa = PBXGroup;
			children = (
				E5CB39901A28E2B200DD0D7A /* Fonts */,
				E5CB39951A28E2B200DD0D7A /* Others */,
				E50679941A236A8400F39808 /* Images */,
			);
			path = Resources;
			sourceTree = "<group>";
		};
		E50679941A236A8400F39808 /* Images */ = {
			isa = PBXGroup;
			children = (
				E50679951A236A8400F39808 /* Backgrounds */,
				E50679961A236A8400F39808 /* Icons */,
				E50679971A236A8400F39808 /* Logos */,
			);
			path = Images;
			sourceTree = "<group>";
		};
		E50679951A236A8400F39808 /* Backgrounds */ = {
			isa = PBXGroup;
			children = (
				E5CB39DA1A294CA600DD0D7A /* imageBackground.png */,
				E5CB39A71A29022500DD0D7A /* boxTitle-small */,
			);
			path = Backgrounds;
			sourceTree = "<group>";
		};
		E50679961A236A8400F39808 /* Icons */ = {
			isa = PBXGroup;
			children = (
				E5CB3A281A298E9800DD0D7A /* ic_01_splashscreen.png */,
				E5CB3A291A298E9800DD0D7A /* ic_02_actionbar_logo.png */,
				E5CB3A2A1A298E9800DD0D7A /* ic_02_actionbar_options.png */,
				E5CB3A2B1A298E9800DD0D7A /* ic_02_actionbar_profile.png */,
				E5CB3A2C1A298E9800DD0D7A /* ic_02_actionbar_search.png */,
				E5CB3A2D1A298E9800DD0D7A /* ic_03_maintopic_gradient.png */,
				E5CB3A2E1A298E9800DD0D7A /* ic_03_topic_add.png */,
				E5CB3A2F1A298E9800DD0D7A /* ic_03_topic_gradient.png */,
				E5CB3A301A298E9800DD0D7A /* ic_04_actionbar_back.png */,
				E5CB3A311A298E9800DD0D7A /* ic_04_actionbar_cancel.png */,
				E5CB3A321A298E9800DD0D7A /* ic_04_actionbar_isotype.png */,
				E5CB3A331A298E9800DD0D7A /* ic_05_choose_off.png */,
				E5CB3A341A298E9800DD0D7A /* ic_05_choose_on.png */,
				E5CB3A351A298E9800DD0D7A /* ic_06_profile_moods.png */,
				E5CB3A361A298E9800DD0D7A /* ic_06_profile_views.png */,
				E5CB3A371A298E9800DD0D7A /* ic_07_share.png */,
				E5CB3A381A298E9800DD0D7A /* ic_08_cover_moods.png */,
				E5CB3A391A298E9800DD0D7A /* ic_09_photo_info.png */,
				E5CB3A3A1A298E9800DD0D7A /* ic_10_news_comment.png */,
				E5CB3A3B1A298E9800DD0D7A /* ic_11_moods_astonished.png */,
				E5CB3A3C1A298E9800DD0D7A /* ic_11_moods_choose.png */,
				E5CB3A3D1A298E9800DD0D7A /* ic_11_moods_indiferent.png */,
				E5CB3A3E1A298E9800DD0D7A /* ic_11_moods_pleased.png */,
				E5CB3A3F1A298E9800DD0D7A /* ic_11_moods_sorry.png */,
				E5CB3A401A298E9800DD0D7A /* ic_11_moods_worried.png */,
				E5CB3A411A298E9800DD0D7A /* ic_12_comment_audio.png */,
				E5CB3A421A298E9800DD0D7A /* ic_12_comment_text.png */,
				E5CB3A431A298E9800DD0D7A /* ic_12_comment_video.png */,
				E5CB3A441A298E9800DD0D7A /* ic_13_video_gradient.png */,
				E5CB3A451A298E9800DD0D7A /* ic_13_video_isotype.png */,
				E5CB3A461A298E9800DD0D7A /* ic_13_video_play.png */,
				E5CB39F01A298E1400DD0D7A /* ic_01_splashscreen@2x.png */,
				E5CB39F11A298E1400DD0D7A /* ic_02_actionbar_logo@2x.png */,
				E5CB39F21A298E1400DD0D7A /* ic_02_actionbar_options@2x.png */,
				E5CB39F31A298E1400DD0D7A /* ic_02_actionbar_profile@2x.png */,
				E5CB39F41A298E1400DD0D7A /* ic_02_actionbar_search@2x.png */,
				E5CB39F51A298E1400DD0D7A /* ic_03_maintopic_gradient@2x.png */,
				E5CB39F61A298E1400DD0D7A /* ic_03_topic_add@2x.png */,
				E5CB39F71A298E1400DD0D7A /* ic_03_topic_gradient@2x.png */,
				E5CB39F81A298E1400DD0D7A /* ic_04_actionbar_back@2x.png */,
				E5CB39F91A298E1400DD0D7A /* ic_04_actionbar_cancel@2x.png */,
				E5CB39FA1A298E1400DD0D7A /* ic_04_actionbar_isotype@2x.png */,
				E5CB39FB1A298E1400DD0D7A /* ic_05_choose_off@2x.png */,
				E5CB39FC1A298E1400DD0D7A /* ic_05_choose_on@2x.png */,
				E5CB39FD1A298E1400DD0D7A /* ic_06_profile_moods@2x.png */,
				E5CB39FE1A298E1400DD0D7A /* ic_06_profile_views@2x.png */,
				E5CB39FF1A298E1400DD0D7A /* ic_07_share@2x.png */,
				E5CB3A001A298E1400DD0D7A /* ic_08_cover_moods@2x.png */,
				E5CB3A011A298E1400DD0D7A /* ic_09_photo_info@2x.png */,
				E5CB3A021A298E1400DD0D7A /* ic_10_news_comment@2x.png */,
				E5CB3A031A298E1400DD0D7A /* ic_11_moods_astonished@2x.png */,
				E5CB3A041A298E1400DD0D7A /* ic_11_moods_choose@2x.png */,
				E5CB3A051A298E1400DD0D7A /* ic_11_moods_indiferent@2x.png */,
				E5CB3A061A298E1400DD0D7A /* ic_11_moods_pleased@2x.png */,
				E5CB3A071A298E1400DD0D7A /* ic_11_moods_sorry@2x.png */,
				E5CB3A081A298E1400DD0D7A /* ic_11_moods_worried@2x.png */,
				E5CB3A091A298E1400DD0D7A /* ic_12_comment_audio@2x.png */,
				E5CB3A0A1A298E1400DD0D7A /* ic_12_comment_text@2x.png */,
				E5CB3A0B1A298E1400DD0D7A /* ic_12_comment_video@2x.png */,
				E5CB39E41A29667500DD0D7A /* ic_TabNavBlueArrowNav.png */,
				E5CB39E51A29667500DD0D7A /* ic_TabNavBlueArrowNav@2x.png */,
				E5CB39B31A29064800DD0D7A /* ic_Settings.png */,
				E5CB39B41A29064800DD0D7A /* ic_Settings@2x.png */,
				E5CB39A91A2904AE00DD0D7A /* addButton.png */,
				E5CB39AA1A2904AE00DD0D7A /* ic_TabNavMainSearch.png */,
				E5CB39AB1A2904AE00DD0D7A /* ic_TabNavMainSearch@2x.png */,
				E5CB39AC1A2904AE00DD0D7A /* ic_UserProfileSettings.png */,
				E5CB39AD1A2904AE00DD0D7A /* ic_UserProfileSettings@2x.png */,
			);
			path = Icons;
			sourceTree = "<group>";
		};
		E50679971A236A8400F39808 /* Logos */ = {
			isa = PBXGroup;
			children = (
				E5CB39A51A28FFDF00DD0D7A /* logoSplash.png */,
				E50679981A236A8400F39808 /* logoLaunch */,
				E50679991A236A8400F39808 /* logoLaunch@2x */,
				E506799A1A236A8400F39808 /* logoLaunch@3x.png */,
				E506799B1A236A8400F39808 /* logoNav */,
				E506799C1A236A8400F39808 /* logoNav@2x */,
				E506799D1A236A8400F39808 /* logoNav@3x */,
			);
			path = Logos;
			sourceTree = "<group>";
		};
		E50679A41A239E1500F39808 /* Models */ = {
			isa = PBXGroup;
			children = (
				E50679A51A239E3D00F39808 /* CEMArticle.h */,
				E50679A61A239E3D00F39808 /* CEMArticle.m */,
				E50FD7711A24A7F90026EC43 /* CEMAd.h */,
				E50FD7721A24A7F90026EC43 /* CEMAd.m */,
			);
			name = Models;
			sourceTree = "<group>";
		};
		E5B91D6E1A29F45900012E7F /* Voice */ = {
			isa = PBXGroup;
			children = (
			);
			name = Voice;
			sourceTree = "<group>";
		};
		E5CB39901A28E2B200DD0D7A /* Fonts */ = {
			isa = PBXGroup;
			children = (
				E5CB399C1A28E75600DD0D7A /* MuseoSans_300.otf */,
				E5CB39921A28E2B200DD0D7A /* MuseoSans_500.otf */,
				E5CB39931A28E2B200DD0D7A /* MuseoSans_700.otf */,
				E5CB39941A28E2B200DD0D7A /* MuseoSans_900.otf */,
			);
			path = Fonts;
			sourceTree = "<group>";
		};
		E5CB39951A28E2B200DD0D7A /* Others */ = {
			isa = PBXGroup;
			children = (
				E5CB39961A28E2B200DD0D7A /* El_Mundoapp_palette.jpg */,
			);
			path = Others;
			sourceTree = "<group>";
		};
		E5CB39A11A28EF9C00DD0D7A /* Utils */ = {
			isa = PBXGroup;
			children = (
				E5B91D6B1A29F36F00012E7F /* CQANotificationManager.m */,
				E5B91D6C1A29F36F00012E7F /* CQANotificationManager.h */,
				E5B91D681A29E30A00012E7F /* GKLCubeViewController.h */,
				E5B91D691A29E30A00012E7F /* GKLCubeViewController.m */,
				E5B91D601A29DA6B00012E7F /* CQAAlerts.h */,
				E5B91D611A29DA6B00012E7F /* CQAAlerts.m */,
				E5CB3A661A2991F500DD0D7A /* CQAInvitePeopleUtils.h */,
				E5CB3A671A2991F500DD0D7A /* CQAInvitePeopleUtils.m */,
				E5CB39E81A29675100DD0D7A /* CQANavigationBarUtils.h */,
				E5CB39E91A29675100DD0D7A /* CQANavigationBarUtils.m */,
				E5CB39E11A295CAF00DD0D7A /* CQATimeUtils.h */,
				E5CB39E21A295CAF00DD0D7A /* CQATimeUtils.m */,
				E5CB39D11A2933A300DD0D7A /* CEMSettings.h */,
				E5CB39D21A2933A300DD0D7A /* CEMSettings.m */,
				E5CB39A21A28EFC200DD0D7A /* CQAAppSettings.h */,
				E5CB39A31A28EFC200DD0D7A /* CQAAppSettings.m */,
			);
			name = Utils;
			sourceTree = "<group>";
		};
		E5CB39CE1A29268C00DD0D7A /* Frameworks */ = {
			isa = PBXGroup;
			children = (
				E5B91D711A29FAA200012E7F /* MobileCoreServices.framework */,
				E5B91D6F1A29F70200012E7F /* CoreLocation.framework */,
				E5B91D631A29E2DF00012E7F /* QuartzCore.framework */,
				E5CB39CF1A29269700DD0D7A /* SDWebImage.framework */,
				E5CB39CC1A29266300DD0D7A /* UIKit.framework */,
				E5CB39CA1A29265C00DD0D7A /* Foundation.framework */,
				E5CB39C81A29265000DD0D7A /* AVFoundation.framework */,
				E5CB39C61A29264A00DD0D7A /* CoreGraphics.framework */,
				E5CB39C41A29264500DD0D7A /* Social.framework */,
				E5CB39C21A29264000DD0D7A /* Security.framework */,
				E5CB39C01A29263B00DD0D7A /* Twitter.framework */,
				E5CB39BE1A29263600DD0D7A /* Accounts.framework */,
				E5CB39BC1A29263100DD0D7A /* ImageIO.framework */,
			);
			name = Frameworks;
			sourceTree = "<group>";
		};
		E5CB39D41A294C1A00DD0D7A /* Models */ = {
			isa = PBXGroup;
			children = (
			);
			name = Models;
			sourceTree = "<group>";
		};
		E5E8D1261A278470009386DE /* Api */ = {
			isa = PBXGroup;
			children = (
				E5E8D1271A278486009386DE /* CQABaseApi.h */,
				E5E8D1281A278486009386DE /* CQABaseApi.m */,
				E5E8D1291A278486009386DE /* CEMElMundoApi.h */,
				E5E8D12A1A278486009386DE /* CEMElMundoApi.m */,
			);
			name = Api;
			sourceTree = "<group>";
		};
/* End PBXGroup section */

/* Begin PBXNativeTarget section */
		E50679511A235D6700F39808 /* elmundo */ = {
			isa = PBXNativeTarget;
			buildConfigurationList = E50679781A235D6700F39808 /* Build configuration list for PBXNativeTarget "elmundo" */;
			buildPhases = (
				E506794E1A235D6700F39808 /* Sources */,
				E506794F1A235D6700F39808 /* Frameworks */,
				E50679501A235D6700F39808 /* Resources */,
			);
			buildRules = (
			);
			dependencies = (
			);
			name = elmundo;
			productName = elmundo;
			productReference = E50679521A235D6700F39808 /* elmundo.app */;
			productType = "com.apple.product-type.application";
		};
		E506796D1A235D6700F39808 /* elmundoTests */ = {
			isa = PBXNativeTarget;
			buildConfigurationList = E506797B1A235D6700F39808 /* Build configuration list for PBXNativeTarget "elmundoTests" */;
			buildPhases = (
				E506796A1A235D6700F39808 /* Sources */,
				E506796B1A235D6700F39808 /* Frameworks */,
				E506796C1A235D6700F39808 /* Resources */,
			);
			buildRules = (
			);
			dependencies = (
				E50679701A235D6700F39808 /* PBXTargetDependency */,
			);
			name = elmundoTests;
			productName = elmundoTests;
			productReference = E506796E1A235D6700F39808 /* elmundoTests.xctest */;
			productType = "com.apple.product-type.bundle.unit-test";
		};
/* End PBXNativeTarget section */

/* Begin PBXProject section */
		E506794A1A235D6700F39808 /* Project object */ = {
			isa = PBXProject;
			attributes = {
				LastUpgradeCheck = 0610;
				ORGANIZATIONNAME = "cuaQea SL";
				TargetAttributes = {
					E50679511A235D6700F39808 = {
						CreatedOnToolsVersion = 6.1;
						DevelopmentTeam = 2CT2H74QM8;
					};
					E506796D1A235D6700F39808 = {
						CreatedOnToolsVersion = 6.1;
						TestTargetID = E50679511A235D6700F39808;
					};
				};
			};
			buildConfigurationList = E506794D1A235D6700F39808 /* Build configuration list for PBXProject "elmundo" */;
			compatibilityVersion = "Xcode 3.2";
			developmentRegion = English;
			hasScannedForEncodings = 0;
			knownRegions = (
				en,
				Base,
			);
			mainGroup = E50679491A235D6700F39808;
			productRefGroup = E50679531A235D6700F39808 /* Products */;
			projectDirPath = "";
			projectRoot = "";
			targets = (
				E50679511A235D6700F39808 /* elmundo */,
				E506796D1A235D6700F39808 /* elmundoTests */,
			);
		};
/* End PBXProject section */

/* Begin PBXResourcesBuildPhase section */
		E50679501A235D6700F39808 /* Resources */ = {
			isa = PBXResourcesBuildPhase;
			buildActionMask = 2147483647;
			files = (
				E5CB3A181A298E1400DD0D7A /* ic_05_choose_on@2x.png in Resources */,
				E5CB3A521A298E9800DD0D7A /* ic_05_choose_off.png in Resources */,
				E5CB3A541A298E9800DD0D7A /* ic_06_profile_moods.png in Resources */,
				E5CB3A501A298E9800DD0D7A /* ic_04_actionbar_cancel.png in Resources */,
				E506798D1A2363B600F39808 /* CEMNewsViewController.xib in Resources */,
				E5CB3A511A298E9800DD0D7A /* ic_04_actionbar_isotype.png in Resources */,
				E5CB3A131A298E1400DD0D7A /* ic_03_topic_gradient@2x.png in Resources */,
				E5CB39A81A29022500DD0D7A /* boxTitle-small in Resources */,
				E5CB3A4E1A298E9800DD0D7A /* ic_03_topic_gradient.png in Resources */,
				E506799F1A236A8400F39808 /* logoLaunch@2x in Resources */,
				E5CB3A5D1A298E9800DD0D7A /* ic_11_moods_pleased.png in Resources */,
				E5CB3A161A298E1400DD0D7A /* ic_04_actionbar_isotype@2x.png in Resources */,
				E5CB3A4B1A298E9800DD0D7A /* ic_02_actionbar_search.png in Resources */,
				E5CB3A5A1A298E9800DD0D7A /* ic_11_moods_astonished.png in Resources */,
				E5CB3A4F1A298E9800DD0D7A /* ic_04_actionbar_back.png in Resources */,
				E5CB39E71A29667500DD0D7A /* ic_TabNavBlueArrowNav@2x.png in Resources */,
				E50679691A235D6700F39808 /* LaunchScreen.xib in Resources */,
				E5CB39EF1A296DF000DD0D7A /* CEMArticleViewController.xib in Resources */,
				E506799E1A236A8400F39808 /* logoLaunch in Resources */,
				E5CB3A0E1A298E1400DD0D7A /* ic_02_actionbar_options@2x.png in Resources */,
				E5CB3A111A298E1400DD0D7A /* ic_03_maintopic_gradient@2x.png in Resources */,
				E50679A01A236A8400F39808 /* logoLaunch@3x.png in Resources */,
				E5CB3A1F1A298E1400DD0D7A /* ic_11_moods_astonished@2x.png in Resources */,
				E5CB399A1A28E2B200DD0D7A /* MuseoSans_900.otf in Resources */,
				E5CB39E01A294E9800DD0D7A /* CEMArticleTableViewCellSmall.xib in Resources */,
				E5CB39991A28E2B200DD0D7A /* MuseoSans_700.otf in Resources */,
				E5CB399B1A28E2B200DD0D7A /* El_Mundoapp_palette.jpg in Resources */,
				E5CB3A5B1A298E9800DD0D7A /* ic_11_moods_choose.png in Resources */,
				E5CB39B91A291BE500DD0D7A /* Localizable.strings in Resources */,
				E5CB3A591A298E9800DD0D7A /* ic_10_news_comment.png in Resources */,
				E5CB3A561A298E9800DD0D7A /* ic_07_share.png in Resources */,
				E5CB39B11A2904AE00DD0D7A /* ic_UserProfileSettings.png in Resources */,
				E5CB399D1A28E75600DD0D7A /* MuseoSans_300.otf in Resources */,
				E5CB3A471A298E9800DD0D7A /* ic_01_splashscreen.png in Resources */,
				E5CB3A551A298E9800DD0D7A /* ic_06_profile_views.png in Resources */,
				E5CB3A0C1A298E1400DD0D7A /* ic_01_splashscreen@2x.png in Resources */,
				E5CB3A491A298E9800DD0D7A /* ic_02_actionbar_options.png in Resources */,
				E5CB3A4C1A298E9800DD0D7A /* ic_03_maintopic_gradient.png in Resources */,
				E5CB39B01A2904AE00DD0D7A /* ic_TabNavMainSearch@2x.png in Resources */,
				E5CB3A641A298E9800DD0D7A /* ic_13_video_isotype.png in Resources */,
				E5CB3A121A298E1400DD0D7A /* ic_03_topic_add@2x.png in Resources */,
				E5CB3A621A298E9800DD0D7A /* ic_12_comment_video.png in Resources */,
				E5CB3A5E1A298E9800DD0D7A /* ic_11_moods_sorry.png in Resources */,
				E5CB3A631A298E9800DD0D7A /* ic_13_video_gradient.png in Resources */,
				E5CB39DB1A294CA600DD0D7A /* imageBackground.png in Resources */,
				E5CB3A241A298E1400DD0D7A /* ic_11_moods_worried@2x.png in Resources */,
				E5CB3A211A298E1400DD0D7A /* ic_11_moods_indiferent@2x.png in Resources */,
				E50679A11A236A8400F39808 /* logoNav in Resources */,
				E5CB3A221A298E1400DD0D7A /* ic_11_moods_pleased@2x.png in Resources */,
				E5CB3A271A298E1400DD0D7A /* ic_12_comment_video@2x.png in Resources */,
				E5CB39B21A2904AE00DD0D7A /* ic_UserProfileSettings@2x.png in Resources */,
				E5CB3A481A298E9800DD0D7A /* ic_02_actionbar_logo.png in Resources */,
				E5CB3A251A298E1400DD0D7A /* ic_12_comment_audio@2x.png in Resources */,
				E5CB3A571A298E9800DD0D7A /* ic_08_cover_moods.png in Resources */,
				E5CB3A141A298E1400DD0D7A /* ic_04_actionbar_back@2x.png in Resources */,
				E5CB3A651A298E9800DD0D7A /* ic_13_video_play.png in Resources */,
				E5CB3A201A298E1400DD0D7A /* ic_11_moods_choose@2x.png in Resources */,
				E5CB3A101A298E1400DD0D7A /* ic_02_actionbar_search@2x.png in Resources */,
				E5CB3A1E1A298E1400DD0D7A /* ic_10_news_comment@2x.png in Resources */,
				E5CB3A231A298E1400DD0D7A /* ic_11_moods_sorry@2x.png in Resources */,
				E5CB3A5C1A298E9800DD0D7A /* ic_11_moods_indiferent.png in Resources */,
				E5CB3A4D1A298E9800DD0D7A /* ic_03_topic_add.png in Resources */,
				E5CB39E61A29667500DD0D7A /* ic_TabNavBlueArrowNav.png in Resources */,
				E5CB3A601A298E9800DD0D7A /* ic_12_comment_audio.png in Resources */,
				E50679661A235D6700F39808 /* Images.xcassets in Resources */,
				E5CB39B61A29064800DD0D7A /* ic_Settings@2x.png in Resources */,
				E5CB3A5F1A298E9800DD0D7A /* ic_11_moods_worried.png in Resources */,
				E5CB3A191A298E1400DD0D7A /* ic_06_profile_moods@2x.png in Resources */,
				E5CB3A171A298E1400DD0D7A /* ic_05_choose_off@2x.png in Resources */,
				E5CB39AF1A2904AE00DD0D7A /* ic_TabNavMainSearch.png in Resources */,
				E50679A31A236A8400F39808 /* logoNav@3x in Resources */,
				E5CB3A1B1A298E1400DD0D7A /* ic_07_share@2x.png in Resources */,
				E5CB3A611A298E9800DD0D7A /* ic_12_comment_text.png in Resources */,
				E5CB3A1C1A298E1400DD0D7A /* ic_08_cover_moods@2x.png in Resources */,
				E5CB3A261A298E1400DD0D7A /* ic_12_comment_text@2x.png in Resources */,
				E5CB39A61A28FFDF00DD0D7A /* logoSplash.png in Resources */,
				E5CB3A1A1A298E1400DD0D7A /* ic_06_profile_views@2x.png in Resources */,
				E50679A21A236A8400F39808 /* logoNav@2x in Resources */,
				E5CB3A581A298E9800DD0D7A /* ic_09_photo_info.png in Resources */,
				E5CB39981A28E2B200DD0D7A /* MuseoSans_500.otf in Resources */,
				E50679921A23674D00F39808 /* CEMLaunchViewController.xib in Resources */,
				E5CB3A1D1A298E1400DD0D7A /* ic_09_photo_info@2x.png in Resources */,
				E5CB3A0F1A298E1400DD0D7A /* ic_02_actionbar_profile@2x.png in Resources */,
				E5CB3A0D1A298E1400DD0D7A /* ic_02_actionbar_logo@2x.png in Resources */,
				E50FD7781A24B20C0026EC43 /* CEMNewsCollectionViewController.xib in Resources */,
				E5CB3A151A298E1400DD0D7A /* ic_04_actionbar_cancel@2x.png in Resources */,
				E5CB3A531A298E9800DD0D7A /* ic_05_choose_on.png in Resources */,
				E5CB39D91A294C5F00DD0D7A /* CEMArticleTableViewCell.xib in Resources */,
				E5CB3A4A1A298E9800DD0D7A /* ic_02_actionbar_profile.png in Resources */,
				E5CB39B51A29064800DD0D7A /* ic_Settings.png in Resources */,
				E5CB39AE1A2904AE00DD0D7A /* addButton.png in Resources */,
			);
			runOnlyForDeploymentPostprocessing = 0;
		};
		E506796C1A235D6700F39808 /* Resources */ = {
			isa = PBXResourcesBuildPhase;
			buildActionMask = 2147483647;
			files = (
			);
			runOnlyForDeploymentPostprocessing = 0;
		};
/* End PBXResourcesBuildPhase section */

/* Begin PBXSourcesBuildPhase section */
		E506794E1A235D6700F39808 /* Sources */ = {
			isa = PBXSourcesBuildPhase;
			buildActionMask = 2147483647;
			files = (
				E50679911A23674D00F39808 /* CEMLaunchViewController.m in Sources */,
				E506795B1A235D6700F39808 /* CEMAppDelegate.m in Sources */,
				E5B91D6A1A29E30A00012E7F /* GKLCubeViewController.m in Sources */,
				E50FD7731A24A7F90026EC43 /* CEMAd.m in Sources */,
				E50FD7771A24B20C0026EC43 /* CEMNewsCollectionViewController.m in Sources */,
				E5CB39A41A28EFC200DD0D7A /* CQAAppSettings.m in Sources */,
				E5CB39EE1A296DF000DD0D7A /* CEMArticleViewController.m in Sources */,
				E5E8D12B1A278486009386DE /* CQABaseApi.m in Sources */,
				E5CB3A681A2991F500DD0D7A /* CQAInvitePeopleUtils.m in Sources */,
				E5CB39E31A295CAF00DD0D7A /* CQATimeUtils.m in Sources */,
				E50679581A235D6700F39808 /* main.m in Sources */,
				E5E8D12C1A278486009386DE /* CEMElMundoApi.m in Sources */,
				E5CB39EA1A29675100DD0D7A /* CQANavigationBarUtils.m in Sources */,
				E5B91D6D1A29F36F00012E7F /* CQANotificationManager.m in Sources */,
				E5B91D621A29DA6B00012E7F /* CQAAlerts.m in Sources */,
				E5CB39D31A2933A300DD0D7A /* CEMSettings.m in Sources */,
				E506795E1A235D6700F39808 /* elmundo.xcdatamodeld in Sources */,
				E50679A71A239E3D00F39808 /* CEMArticle.m in Sources */,
				E5CB39A01A28EE8600DD0D7A /* CQAAppSettingsDefinitions.m in Sources */,
				E506798C1A2363B600F39808 /* CEMNewsViewController.m in Sources */,
				E5CB39D81A294C5F00DD0D7A /* CEMArticleTableViewCell.m in Sources */,
				E5CB39DF1A294E9800DD0D7A /* CEMArticleTableViewCellSmall.m in Sources */,
				E5E8D12F1A27861E009386DE /* CEMDefinitions.m in Sources */,
			);
			runOnlyForDeploymentPostprocessing = 0;
		};
		E506796A1A235D6700F39808 /* Sources */ = {
			isa = PBXSourcesBuildPhase;
			buildActionMask = 2147483647;
			files = (
				E50679751A235D6700F39808 /* elmundoTests.m in Sources */,
			);
			runOnlyForDeploymentPostprocessing = 0;
		};
/* End PBXSourcesBuildPhase section */

/* Begin PBXTargetDependency section */
		E50679701A235D6700F39808 /* PBXTargetDependency */ = {
			isa = PBXTargetDependency;
			target = E50679511A235D6700F39808 /* elmundo */;
			targetProxy = E506796F1A235D6700F39808 /* PBXContainerItemProxy */;
		};
/* End PBXTargetDependency section */

/* Begin PBXVariantGroup section */
		E50679671A235D6700F39808 /* LaunchScreen.xib */ = {
			isa = PBXVariantGroup;
			children = (
				E50679681A235D6700F39808 /* Base */,
			);
			name = LaunchScreen.xib;
			sourceTree = "<group>";
		};
		E5CB39BB1A291BE500DD0D7A /* Localizable.strings */ = {
			isa = PBXVariantGroup;
			children = (
				E5CB39BA1A291BE500DD0D7A /* en */,
			);
			name = Localizable.strings;
			sourceTree = "<group>";
		};
/* End PBXVariantGroup section */

/* Begin XCBuildConfiguration section */
		E50679761A235D6700F39808 /* Debug */ = {
			isa = XCBuildConfiguration;
			buildSettings = {
				ALWAYS_SEARCH_USER_PATHS = NO;
				CLANG_CXX_LANGUAGE_STANDARD = "gnu++0x";
				CLANG_CXX_LIBRARY = "libc++";
				CLANG_ENABLE_MODULES = YES;
				CLANG_ENABLE_OBJC_ARC = YES;
				CLANG_WARN_BOOL_CONVERSION = YES;
				CLANG_WARN_CONSTANT_CONVERSION = YES;
				CLANG_WARN_DIRECT_OBJC_ISA_USAGE = YES_ERROR;
				CLANG_WARN_EMPTY_BODY = YES;
				CLANG_WARN_ENUM_CONVERSION = YES;
				CLANG_WARN_INT_CONVERSION = YES;
				CLANG_WARN_OBJC_ROOT_CLASS = YES_ERROR;
				CLANG_WARN_UNREACHABLE_CODE = YES;
				CLANG_WARN__DUPLICATE_METHOD_MATCH = YES;
				"CODE_SIGN_IDENTITY[sdk=iphoneos*]" = "iPhone Developer";
				COPY_PHASE_STRIP = NO;
				ENABLE_STRICT_OBJC_MSGSEND = YES;
				GCC_C_LANGUAGE_STANDARD = gnu99;
				GCC_DYNAMIC_NO_PIC = NO;
				GCC_OPTIMIZATION_LEVEL = 0;
				GCC_PREPROCESSOR_DEFINITIONS = (
					"DEBUG=1",
					"$(inherited)",
				);
				GCC_SYMBOLS_PRIVATE_EXTERN = NO;
				GCC_WARN_64_TO_32_BIT_CONVERSION = YES;
				GCC_WARN_ABOUT_RETURN_TYPE = YES_ERROR;
				GCC_WARN_UNDECLARED_SELECTOR = YES;
				GCC_WARN_UNINITIALIZED_AUTOS = YES_AGGRESSIVE;
				GCC_WARN_UNUSED_FUNCTION = YES;
				GCC_WARN_UNUSED_VARIABLE = YES;
				IPHONEOS_DEPLOYMENT_TARGET = 8.1;
				MTL_ENABLE_DEBUG_INFO = YES;
				ONLY_ACTIVE_ARCH = YES;
				SDKROOT = iphoneos;
			};
			name = Debug;
		};
		E50679771A235D6700F39808 /* Release */ = {
			isa = XCBuildConfiguration;
			buildSettings = {
				ALWAYS_SEARCH_USER_PATHS = NO;
				CLANG_CXX_LANGUAGE_STANDARD = "gnu++0x";
				CLANG_CXX_LIBRARY = "libc++";
				CLANG_ENABLE_MODULES = YES;
				CLANG_ENABLE_OBJC_ARC = YES;
				CLANG_WARN_BOOL_CONVERSION = YES;
				CLANG_WARN_CONSTANT_CONVERSION = YES;
				CLANG_WARN_DIRECT_OBJC_ISA_USAGE = YES_ERROR;
				CLANG_WARN_EMPTY_BODY = YES;
				CLANG_WARN_ENUM_CONVERSION = YES;
				CLANG_WARN_INT_CONVERSION = YES;
				CLANG_WARN_OBJC_ROOT_CLASS = YES_ERROR;
				CLANG_WARN_UNREACHABLE_CODE = YES;
				CLANG_WARN__DUPLICATE_METHOD_MATCH = YES;
				"CODE_SIGN_IDENTITY[sdk=iphoneos*]" = "iPhone Developer";
				COPY_PHASE_STRIP = YES;
				ENABLE_NS_ASSERTIONS = NO;
				ENABLE_STRICT_OBJC_MSGSEND = YES;
				GCC_C_LANGUAGE_STANDARD = gnu99;
				GCC_WARN_64_TO_32_BIT_CONVERSION = YES;
				GCC_WARN_ABOUT_RETURN_TYPE = YES_ERROR;
				GCC_WARN_UNDECLARED_SELECTOR = YES;
				GCC_WARN_UNINITIALIZED_AUTOS = YES_AGGRESSIVE;
				GCC_WARN_UNUSED_FUNCTION = YES;
				GCC_WARN_UNUSED_VARIABLE = YES;
				IPHONEOS_DEPLOYMENT_TARGET = 8.1;
				MTL_ENABLE_DEBUG_INFO = NO;
				SDKROOT = iphoneos;
				VALIDATE_PRODUCT = YES;
			};
			name = Release;
		};
		E50679791A235D6700F39808 /* Debug */ = {
			isa = XCBuildConfiguration;
			buildSettings = {
				ASSETCATALOG_COMPILER_APPICON_NAME = AppIcon;
				CODE_SIGN_IDENTITY = "iPhone Developer";
				FRAMEWORK_SEARCH_PATHS = (
					"$(inherited)",
					"$(PROJECT_DIR)/Frameworks",
				);
				GCC_PREFIX_HEADER = "elmundo/ElMundo-PrefixHeader.pch";
				INFOPLIST_FILE = elmundo/Info.plist;
				LD_RUNPATH_SEARCH_PATHS = "$(inherited) @executable_path/Frameworks";
				OTHER_LDFLAGS = "-ObjC";
				PRODUCT_NAME = "$(TARGET_NAME)";
			};
			name = Debug;
		};
		E506797A1A235D6700F39808 /* Release */ = {
			isa = XCBuildConfiguration;
			buildSettings = {
				ASSETCATALOG_COMPILER_APPICON_NAME = AppIcon;
				CODE_SIGN_IDENTITY = "iPhone Developer";
				FRAMEWORK_SEARCH_PATHS = (
					"$(inherited)",
					"$(PROJECT_DIR)/Frameworks",
				);
				GCC_PREFIX_HEADER = "elmundo/ElMundo-PrefixHeader.pch";
				INFOPLIST_FILE = elmundo/Info.plist;
				LD_RUNPATH_SEARCH_PATHS = "$(inherited) @executable_path/Frameworks";
				OTHER_LDFLAGS = "-ObjC";
				PRODUCT_NAME = "$(TARGET_NAME)";
			};
			name = Release;
		};
		E506797C1A235D6700F39808 /* Debug */ = {
			isa = XCBuildConfiguration;
			buildSettings = {
				BUNDLE_LOADER = "$(TEST_HOST)";
				FRAMEWORK_SEARCH_PATHS = (
					"$(SDKROOT)/Developer/Library/Frameworks",
					"$(inherited)",
				);
				GCC_PREPROCESSOR_DEFINITIONS = (
					"DEBUG=1",
					"$(inherited)",
				);
				INFOPLIST_FILE = elmundoTests/Info.plist;
				LD_RUNPATH_SEARCH_PATHS = "$(inherited) @executable_path/Frameworks @loader_path/Frameworks";
				PRODUCT_NAME = "$(TARGET_NAME)";
				TEST_HOST = "$(BUILT_PRODUCTS_DIR)/elmundo.app/elmundo";
			};
			name = Debug;
		};
		E506797D1A235D6700F39808 /* Release */ = {
			isa = XCBuildConfiguration;
			buildSettings = {
				BUNDLE_LOADER = "$(TEST_HOST)";
				FRAMEWORK_SEARCH_PATHS = (
					"$(SDKROOT)/Developer/Library/Frameworks",
					"$(inherited)",
				);
				INFOPLIST_FILE = elmundoTests/Info.plist;
				LD_RUNPATH_SEARCH_PATHS = "$(inherited) @executable_path/Frameworks @loader_path/Frameworks";
				PRODUCT_NAME = "$(TARGET_NAME)";
				TEST_HOST = "$(BUILT_PRODUCTS_DIR)/elmundo.app/elmundo";
			};
			name = Release;
		};
/* End XCBuildConfiguration section */

/* Begin XCConfigurationList section */
		E506794D1A235D6700F39808 /* Build configuration list for PBXProject "elmundo" */ = {
			isa = XCConfigurationList;
			buildConfigurations = (
				E50679761A235D6700F39808 /* Debug */,
				E50679771A235D6700F39808 /* Release */,
			);
			defaultConfigurationIsVisible = 0;
			defaultConfigurationName = Release;
		};
		E50679781A235D6700F39808 /* Build configuration list for PBXNativeTarget "elmundo" */ = {
			isa = XCConfigurationList;
			buildConfigurations = (
				E50679791A235D6700F39808 /* Debug */,
				E506797A1A235D6700F39808 /* Release */,
			);
			defaultConfigurationIsVisible = 0;
			defaultConfigurationName = Release;
		};
		E506797B1A235D6700F39808 /* Build configuration list for PBXNativeTarget "elmundoTests" */ = {
			isa = XCConfigurationList;
			buildConfigurations = (
				E506797C1A235D6700F39808 /* Debug */,
				E506797D1A235D6700F39808 /* Release */,
			);
			defaultConfigurationIsVisible = 0;
			defaultConfigurationName = Release;
		};
/* End XCConfigurationList section */

/* Begin XCVersionGroup section */
		E506795C1A235D6700F39808 /* elmundo.xcdatamodeld */ = {
			isa = XCVersionGroup;
			children = (
				E506795D1A235D6700F39808 /* elmundo.xcdatamodel */,
			);
			currentVersion = E506795D1A235D6700F39808 /* elmundo.xcdatamodel */;
			path = elmundo.xcdatamodeld;
			sourceTree = "<group>";
			versionGroupType = wrapper.xcdatamodel;
		};
/* End XCVersionGroup section */
	};
	rootObject = E506794A1A235D6700F39808 /* Project object */;
}
